// !$*UTF8*$!
{
	archiveVersion = 1;
	classes = {
	};
	objectVersion = 50;
	objects = {

/* Begin PBXBuildFile section */
		BD5A339325AF1A3C00B4F6CD /* AppDelegate.swift in Sources */ = {isa = PBXBuildFile; fileRef = BD5A339225AF1A3C00B4F6CD /* AppDelegate.swift */; };
		BD5A339525AF1A3C00B4F6CD /* SceneDelegate.swift in Sources */ = {isa = PBXBuildFile; fileRef = BD5A339425AF1A3C00B4F6CD /* SceneDelegate.swift */; };
		BD5A339725AF1A3C00B4F6CD /* ViewController.swift in Sources */ = {isa = PBXBuildFile; fileRef = BD5A339625AF1A3C00B4F6CD /* ViewController.swift */; };
		BD5A339A25AF1A3C00B4F6CD /* Main.storyboard in Resources */ = {isa = PBXBuildFile; fileRef = BD5A339825AF1A3C00B4F6CD /* Main.storyboard */; };
		BD5A339C25AF1A3E00B4F6CD /* Assets.xcassets in Resources */ = {isa = PBXBuildFile; fileRef = BD5A339B25AF1A3E00B4F6CD /* Assets.xcassets */; };
		BD5A339F25AF1A3E00B4F6CD /* LaunchScreen.storyboard in Resources */ = {isa = PBXBuildFile; fileRef = BD5A339D25AF1A3E00B4F6CD /* LaunchScreen.storyboard */; };
		BD5A33A825AF1A5A00B4F6CD /* LoadingView.xib in Resources */ = {isa = PBXBuildFile; fileRef = BD5A33A725AF1A5A00B4F6CD /* LoadingView.xib */; };
		BD5A33AB25AF1A7700B4F6CD /* LoadingView.swift in Sources */ = {isa = PBXBuildFile; fileRef = BD5A33AA25AF1A7700B4F6CD /* LoadingView.swift */; };
/* End PBXBuildFile section */

/* Begin PBXFileReference section */
		BD5A338F25AF1A3C00B4F6CD /* CustomLoadingView.app */ = {isa = PBXFileReference; explicitFileType = wrapper.application; includeInIndex = 0; path = CustomLoadingView.app; sourceTree = BUILT_PRODUCTS_DIR; };
		BD5A339225AF1A3C00B4F6CD /* AppDelegate.swift */ = {isa = PBXFileReference; lastKnownFileType = sourcecode.swift; path = AppDelegate.swift; sourceTree = "<group>"; };
		BD5A339425AF1A3C00B4F6CD /* SceneDelegate.swift */ = {isa = PBXFileReference; lastKnownFileType = sourcecode.swift; path = SceneDelegate.swift; sourceTree = "<group>"; };
		BD5A339625AF1A3C00B4F6CD /* ViewController.swift */ = {isa = PBXFileReference; lastKnownFileType = sourcecode.swift; path = ViewController.swift; sourceTree = "<group>"; };
		BD5A339925AF1A3C00B4F6CD /* Base */ = {isa = PBXFileReference; lastKnownFileType = file.storyboard; name = Base; path = Base.lproj/Main.storyboard; sourceTree = "<group>"; };
		BD5A339B25AF1A3E00B4F6CD /* Assets.xcassets */ = {isa = PBXFileReference; lastKnownFileType = folder.assetcatalog; path = Assets.xcassets; sourceTree = "<group>"; };
		BD5A339E25AF1A3E00B4F6CD /* Base */ = {isa = PBXFileReference; lastKnownFileType = file.storyboard; name = Base; path = Base.lproj/LaunchScreen.storyboard; sourceTree = "<group>"; };
		BD5A33A025AF1A3E00B4F6CD /* Info.plist */ = {isa = PBXFileReference; lastKnownFileType = text.plist.xml; path = Info.plist; sourceTree = "<group>"; };
		BD5A33A725AF1A5A00B4F6CD /* LoadingView.xib */ = {isa = PBXFileReference; lastKnownFileType = file.xib; path = LoadingView.xib; sourceTree = "<group>"; };
		BD5A33AA25AF1A7700B4F6CD /* LoadingView.swift */ = {isa = PBXFileReference; lastKnownFileType = sourcecode.swift; path = LoadingView.swift; sourceTree = "<group>"; };
/* End PBXFileReference section */

/* Begin PBXFrameworksBuildPhase section */
		BD5A338C25AF1A3C00B4F6CD /* Frameworks */ = {
			isa = PBXFrameworksBuildPhase;
			buildActionMask = 2147483647;
			files = (
			);
			runOnlyForDeploymentPostprocessing = 0;
		};
/* End PBXFrameworksBuildPhase section */

/* Begin PBXGroup section */
		BD5A338625AF1A3C00B4F6CD = {
			isa = PBXGroup;
			children = (
				BD5A339125AF1A3C00B4F6CD /* CustomLoadingView */,
				BD5A339025AF1A3C00B4F6CD /* Products */,
			);
			sourceTree = "<group>";
		};
		BD5A339025AF1A3C00B4F6CD /* Products */ = {
			isa = PBXGroup;
			children = (
				BD5A338F25AF1A3C00B4F6CD /* CustomLoadingView.app */,
			);
			name = Products;
			sourceTree = "<group>";
		};
		BD5A339125AF1A3C00B4F6CD /* CustomLoadingView */ = {
			isa = PBXGroup;
			children = (
				BD5A33AD25AF1A7C00B4F6CD /* LoadingView */,
				BD5A339225AF1A3C00B4F6CD /* AppDelegate.swift */,
				BD5A339425AF1A3C00B4F6CD /* SceneDelegate.swift */,
				BD5A339625AF1A3C00B4F6CD /* ViewController.swift */,
				BD5A339825AF1A3C00B4F6CD /* Main.storyboard */,
				BD5A339B25AF1A3E00B4F6CD /* Assets.xcassets */,
				BD5A339D25AF1A3E00B4F6CD /* LaunchScreen.storyboard */,
				BD5A33A025AF1A3E00B4F6CD /* Info.plist */,
			);
			path = CustomLoadingView;
			sourceTree = "<group>";
		};
		BD5A33AD25AF1A7C00B4F6CD /* LoadingView */ = {
			isa = PBXGroup;
			children = (
				BD5A33A725AF1A5A00B4F6CD /* LoadingView.xib */,
				BD5A33AA25AF1A7700B4F6CD /* LoadingView.swift */,
			);
			path = LoadingView;
			sourceTree = "<group>";
		};
/* End PBXGroup section */

/* Begin PBXNativeTarget section */
		BD5A338E25AF1A3C00B4F6CD /* CustomLoadingView */ = {
			isa = PBXNativeTarget;
			buildConfigurationList = BD5A33A325AF1A3E00B4F6CD /* Build configuration list for PBXNativeTarget "CustomLoadingView" */;
			buildPhases = (
				BD5A338B25AF1A3C00B4F6CD /* Sources */,
				BD5A338C25AF1A3C00B4F6CD /* Frameworks */,
				BD5A338D25AF1A3C00B4F6CD /* Resources */,
			);
			buildRules = (
			);
			dependencies = (
			);
			name = CustomLoadingView;
			productName = CustomLoadingView;
			productReference = BD5A338F25AF1A3C00B4F6CD /* CustomLoadingView.app */;
			productType = "com.apple.product-type.application";
		};
/* End PBXNativeTarget section */

/* Begin PBXProject section */
		BD5A338725AF1A3C00B4F6CD /* Project object */ = {
			isa = PBXProject;
			attributes = {
				LastSwiftUpdateCheck = 1220;
				LastUpgradeCheck = 1220;
				TargetAttributes = {
					BD5A338E25AF1A3C00B4F6CD = {
						CreatedOnToolsVersion = 12.2;
					};
				};
			};
			buildConfigurationList = BD5A338A25AF1A3C00B4F6CD /* Build configuration list for PBXProject "CustomLoadingView" */;
			compatibilityVersion = "Xcode 9.3";
			developmentRegion = en;
			hasScannedForEncodings = 0;
			knownRegions = (
				en,
				Base,
			);
			mainGroup = BD5A338625AF1A3C00B4F6CD;
			productRefGroup = BD5A339025AF1A3C00B4F6CD /* Products */;
			projectDirPath = "";
			projectRoot = "";
			targets = (
				BD5A338E25AF1A3C00B4F6CD /* CustomLoadingView */,
			);
		};
/* End PBXProject section */

/* Begin PBXResourcesBuildPhase section */
		BD5A338D25AF1A3C00B4F6CD /* Resources */ = {
			isa = PBXResourcesBuildPhase;
			buildActionMask = 2147483647;
			files = (
				BD5A339F25AF1A3E00B4F6CD /* LaunchScreen.storyboard in Resources */,
				BD5A33A825AF1A5A00B4F6CD /* LoadingView.xib in Resources */,
				BD5A339C25AF1A3E00B4F6CD /* Assets.xcassets in Resources */,
				BD5A339A25AF1A3C00B4F6CD /* Main.storyboard in Resources */,
			);
			runOnlyForDeploymentPostprocessing = 0;
		};
/* End PBXResourcesBuildPhase section */

/* Begin PBXSourcesBuildPhase section */
		BD5A338B25AF1A3C00B4F6CD /* Sources */ = {
			isa = PBXSourcesBuildPhase;
			buildActionMask = 2147483647;
			files = (
				BD5A339725AF1A3C00B4F6CD /* ViewController.swift in Sources */,
				BD5A33AB25AF1A7700B4F6CD /* LoadingView.swift in Sources */,
				BD5A339325AF1A3C00B4F6CD /* AppDelegate.swift in Sources */,
				BD5A339525AF1A3C00B4F6CD /* SceneDelegate.swift in Sources */,
			);
			runOnlyForDeploymentPostprocessing = 0;
		};
/* End PBXSourcesBuildPhase section */

/* Begin PBXVariantGroup section */
		BD5A339825AF1A3C00B4F6CD /* Main.storyboard */ = {
			isa = PBXVariantGroup;
			children = (
				BD5A339925AF1A3C00B4F6CD /* Base */,
			);
			name = Main.storyboard;
			sourceTree = "<group>";
		};
		BD5A339D25AF1A3E00B4F6CD /* LaunchScreen.storyboard */ = {
			isa = PBXVariantGroup;
			children = (
				BD5A339E25AF1A3E00B4F6CD /* Base */,
			);
			name = LaunchScreen.storyboard;
			sourceTree = "<group>";
		};
/* End PBXVariantGroup section */

/* Begin XCBuildConfiguration section */
		BD5A33A125AF1A3E00B4F6CD /* Debug */ = {
			isa = XCBuildConfiguration;
			buildSettings = {
				ALWAYS_SEARCH_USER_PATHS = NO;
				CLANG_ANALYZER_NONNULL = YES;
				CLANG_ANALYZER_NUMBER_OBJECT_CONVERSION = YES_AGGRESSIVE;
				CLANG_CXX_LANGUAGE_STANDARD = "gnu++14";
				CLANG_CXX_LIBRARY = "libc++";
				CLANG_ENABLE_MODULES = YES;
				CLANG_ENABLE_OBJC_ARC = YES;
				CLANG_ENABLE_OBJC_WEAK = YES;
				CLANG_WARN_BLOCK_CAPTURE_AUTORELEASING = YES;
				CLANG_WARN_BOOL_CONVERSION = YES;
				CLANG_WARN_COMMA = YES;
				CLANG_WARN_CONSTANT_CONVERSION = YES;
				CLANG_WARN_DEPRECATED_OBJC_IMPLEMENTATIONS = YES;
				CLANG_WARN_DIRECT_OBJC_ISA_USAGE = YES_ERROR;
				CLANG_WARN_DOCUMENTATION_COMMENTS = YES;
				CLANG_WARN_EMPTY_BODY = YES;
				CLANG_WARN_ENUM_CONVERSION = YES;
				CLANG_WARN_INFINITE_RECURSION = YES;
				CLANG_WARN_INT_CONVERSION = YES;
				CLANG_WARN_NON_LITERAL_NULL_CONVERSION = YES;
				CLANG_WARN_OBJC_IMPLICIT_RETAIN_SELF = YES;
				CLANG_WARN_OBJC_LITERAL_CONVERSION = YES;
				CLANG_WARN_OBJC_ROOT_CLASS = YES_ERROR;
				CLANG_WARN_QUOTED_INCLUDE_IN_FRAMEWORK_HEADER = YES;
				CLANG_WARN_RANGE_LOOP_ANALYSIS = YES;
				CLANG_WARN_STRICT_PROTOTYPES = YES;
				CLANG_WARN_SUSPICIOUS_MOVE = YES;
				CLANG_WARN_UNGUARDED_AVAILABILITY = YES_AGGRESSIVE;
				CLANG_WARN_UNREACHABLE_CODE = YES;
				CLANG_WARN__DUPLICATE_METHOD_MATCH = YES;
				COPY_PHASE_STRIP = NO;
				DEBUG_INFORMATION_FORMAT = dwarf;
				ENABLE_STRICT_OBJC_MSGSEND = YES;
				ENABLE_TESTABILITY = YES;
				GCC_C_LANGUAGE_STANDARD = gnu11;
				GCC_DYNAMIC_NO_PIC = NO;
				GCC_NO_COMMON_BLOCKS = YES;
				GCC_OPTIMIZATION_LEVEL = 0;
				GCC_PREPROCESSOR_DEFINITIONS = (
					"DEBUG=1",
					"$(inherited)",
				);
				GCC_WARN_64_TO_32_BIT_CONVERSION = YES;
				GCC_WARN_ABOUT_RETURN_TYPE = YES_ERROR;
				GCC_WARN_UNDECLARED_SELECTOR = YES;
				GCC_WARN_UNINITIALIZED_AUTOS = YES_AGGRESSIVE;
				GCC_WARN_UNUSED_FUNCTION = YES;
				GCC_WARN_UNUSED_VARIABLE = YES;
				IPHONEOS_DEPLOYMENT_TARGET = 14.2;
				MTL_ENABLE_DEBUG_INFO = INCLUDE_SOURCE;
				MTL_FAST_MATH = YES;
				ONLY_ACTIVE_ARCH = YES;
				SDKROOT = iphoneos;
				SWIFT_ACTIVE_COMPILATION_CONDITIONS = DEBUG;
				SWIFT_OPTIMIZATION_LEVEL = "-Onone";
			};
			name = Debug;
		};
		BD5A33A225AF1A3E00B4F6CD /* Release */ = {
			isa = XCBuildConfiguration;
			buildSettings = {
				ALWAYS_SEARCH_USER_PATHS = NO;
				CLANG_ANALYZER_NONNULL = YES;
				CLANG_ANALYZER_NUMBER_OBJECT_CONVERSION = YES_AGGRESSIVE;
				CLANG_CXX_LANGUAGE_STANDARD = "gnu++14";
				CLANG_CXX_LIBRARY = "libc++";
				CLANG_ENABLE_MODULES = YES;
				CLANG_ENABLE_OBJC_ARC = YES;
				CLANG_ENABLE_OBJC_WEAK = YES;
				CLANG_WARN_BLOCK_CAPTURE_AUTORELEASING = YES;
				CLANG_WARN_BOOL_CONVERSION = YES;
				CLANG_WARN_COMMA = YES;
				CLANG_WARN_CONSTANT_CONVERSION = YES;
				CLANG_WARN_DEPRECATED_OBJC_IMPLEMENTATIONS = YES;
				CLANG_WARN_DIRECT_OBJC_ISA_USAGE = YES_ERROR;
				CLANG_WARN_DOCUMENTATION_COMMENTS = YES;
				CLANG_WARN_EMPTY_BODY = YES;
				CLANG_WARN_ENUM_CONVERSION = YES;
				CLANG_WARN_INFINITE_RECURSION = YES;
				CLANG_WARN_INT_CONVERSION = YES;
				CLANG_WARN_NON_LITERAL_NULL_CONVERSION = YES;
				CLANG_WARN_OBJC_IMPLICIT_RETAIN_SELF = YES;
				CLANG_WARN_OBJC_LITERAL_CONVERSION = YES;
				CLANG_WARN_OBJC_ROOT_CLASS = YES_ERROR;
				CLANG_WARN_QUOTED_INCLUDE_IN_FRAMEWORK_HEADER = YES;
				CLANG_WARN_RANGE_LOOP_ANALYSIS = YES;
				CLANG_WARN_STRICT_PROTOTYPES = YES;
				CLANG_WARN_SUSPICIOUS_MOVE = YES;
				CLANG_WARN_UNGUARDED_AVAILABILITY = YES_AGGRESSIVE;
				CLANG_WARN_UNREACHABLE_CODE = YES;
				CLANG_WARN__DUPLICATE_METHOD_MATCH = YES;
				COPY_PHASE_STRIP = NO;
				DEBUG_INFORMATION_FORMAT = "dwarf-with-dsym";
				ENABLE_NS_ASSERTIONS = NO;
				ENABLE_STRICT_OBJC_MSGSEND = YES;
				GCC_C_LANGUAGE_STANDARD = gnu11;
				GCC_NO_COMMON_BLOCKS = YES;
				GCC_WARN_64_TO_32_BIT_CONVERSION = YES;
				GCC_WARN_ABOUT_RETURN_TYPE = YES_ERROR;
				GCC_WARN_UNDECLARED_SELECTOR = YES;
				GCC_WARN_UNINITIALIZED_AUTOS = YES_AGGRESSIVE;
				GCC_WARN_UNUSED_FUNCTION = YES;
				GCC_WARN_UNUSED_VARIABLE = YES;
				IPHONEOS_DEPLOYMENT_TARGET = 14.2;
				MTL_ENABLE_DEBUG_INFO = NO;
				MTL_FAST_MATH = YES;
				SDKROOT = iphoneos;
				SWIFT_COMPILATION_MODE = wholemodule;
				SWIFT_OPTIMIZATION_LEVEL = "-O";
				VALIDATE_PRODUCT = YES;
			};
			name = Release;
		};
		BD5A33A425AF1A3E00B4F6CD /* Debug */ = {
			isa = XCBuildConfiguration;
			buildSettings = {
				ASSETCATALOG_COMPILER_APPICON_NAME = AppIcon;
				ASSETCATALOG_COMPILER_GLOBAL_ACCENT_COLOR_NAME = AccentColor;
				CODE_SIGN_STYLE = Automatic;
				DEVELOPMENT_TEAM = W895YM7ZMH;
				INFOPLIST_FILE = CustomLoadingView/Info.plist;
				LD_RUNPATH_SEARCH_PATHS = (
					"$(inherited)",
					"@executable_path/Frameworks",
				);
				PRODUCT_BUNDLE_IDENTIFIER = dev.taekki.ios.CustomLoadingView;
				PRODUCT_NAME = "$(TARGET_NAME)";
				SWIFT_VERSION = 5.0;
				TARGETED_DEVICE_FAMILY = "1,2";
			};
			name = Debug;
		};
		BD5A33A525AF1A3E00B4F6CD /* Release */ = {
			isa = XCBuildConfiguration;
			buildSettings = {
				ASSETCATALOG_COMPILER_APPICON_NAME = AppIcon;
				ASSETCATALOG_COMPILER_GLOBAL_ACCENT_COLOR_NAME = AccentColor;
				CODE_SIGN_STYLE = Automatic;
				DEVELOPMENT_TEAM = W895YM7ZMH;
				INFOPLIST_FILE = CustomLoadingView/Info.plist;
				LD_RUNPATH_SEARCH_PATHS = (
					"$(inherited)",
					"@executable_path/Frameworks",
				);
				PRODUCT_BUNDLE_IDENTIFIER = dev.taekki.ios.CustomLoadingView;
				PRODUCT_NAME = "$(TARGET_NAME)";
				SWIFT_VERSION = 5.0;
				TARGETED_DEVICE_FAMILY = "1,2";
			};
			name = Release;
		};
/* End XCBuildConfiguration section */

/* Begin XCConfigurationList section */
		BD5A338A25AF1A3C00B4F6CD /* Build configuration list for PBXProject "CustomLoadingView" */ = {
			isa = XCConfigurationList;
			buildConfigurations = (
				BD5A33A125AF1A3E00B4F6CD /* Debug */,
				BD5A33A225AF1A3E00B4F6CD /* Release */,
			);
			defaultConfigurationIsVisible = 0;
			defaultConfigurationName = Release;
		};
		BD5A33A325AF1A3E00B4F6CD /* Build configuration list for PBXNativeTarget "CustomLoadingView" */ = {
			isa = XCConfigurationList;
			buildConfigurations = (
				BD5A33A425AF1A3E00B4F6CD /* Debug */,
				BD5A33A525AF1A3E00B4F6CD /* Release */,
			);
			defaultConfigurationIsVisible = 0;
			defaultConfigurationName = Release;
		};
/* End XCConfigurationList section */
	};
	rootObject = BD5A338725AF1A3C00B4F6CD /* Project object */;
}
