// !$*UTF8*$!
{
	archiveVersion = 1;
	classes = {
	};
	objectVersion = 50;
	objects = {

/* Begin PBXBuildFile section */
		BDDAF32526BD149A005C50BC /* AppDelegate.swift in Sources */ = {isa = PBXBuildFile; fileRef = BDDAF32426BD149A005C50BC /* AppDelegate.swift */; };
		BDDAF32726BD149A005C50BC /* SceneDelegate.swift in Sources */ = {isa = PBXBuildFile; fileRef = BDDAF32626BD149A005C50BC /* SceneDelegate.swift */; };
		BDDAF32926BD149A005C50BC /* ViewController.swift in Sources */ = {isa = PBXBuildFile; fileRef = BDDAF32826BD149A005C50BC /* ViewController.swift */; };
		BDDAF32C26BD149A005C50BC /* Main.storyboard in Resources */ = {isa = PBXBuildFile; fileRef = BDDAF32A26BD149A005C50BC /* Main.storyboard */; };
		BDDAF32E26BD149C005C50BC /* Assets.xcassets in Resources */ = {isa = PBXBuildFile; fileRef = BDDAF32D26BD149C005C50BC /* Assets.xcassets */; };
		BDDAF33126BD149C005C50BC /* LaunchScreen.storyboard in Resources */ = {isa = PBXBuildFile; fileRef = BDDAF32F26BD149C005C50BC /* LaunchScreen.storyboard */; };
		BDDAF33926BD14B3005C50BC /* IndicatorOverlayView.swift in Sources */ = {isa = PBXBuildFile; fileRef = BDDAF33826BD14B3005C50BC /* IndicatorOverlayView.swift */; };
/* End PBXBuildFile section */

/* Begin PBXFileReference section */
		BDDAF32126BD149A005C50BC /* IndicatorViewSample.app */ = {isa = PBXFileReference; explicitFileType = wrapper.application; includeInIndex = 0; path = IndicatorViewSample.app; sourceTree = BUILT_PRODUCTS_DIR; };
		BDDAF32426BD149A005C50BC /* AppDelegate.swift */ = {isa = PBXFileReference; lastKnownFileType = sourcecode.swift; path = AppDelegate.swift; sourceTree = "<group>"; };
		BDDAF32626BD149A005C50BC /* SceneDelegate.swift */ = {isa = PBXFileReference; lastKnownFileType = sourcecode.swift; path = SceneDelegate.swift; sourceTree = "<group>"; };
		BDDAF32826BD149A005C50BC /* ViewController.swift */ = {isa = PBXFileReference; lastKnownFileType = sourcecode.swift; path = ViewController.swift; sourceTree = "<group>"; };
		BDDAF32B26BD149A005C50BC /* Base */ = {isa = PBXFileReference; lastKnownFileType = file.storyboard; name = Base; path = Base.lproj/Main.storyboard; sourceTree = "<group>"; };
		BDDAF32D26BD149C005C50BC /* Assets.xcassets */ = {isa = PBXFileReference; lastKnownFileType = folder.assetcatalog; path = Assets.xcassets; sourceTree = "<group>"; };
		BDDAF33026BD149C005C50BC /* Base */ = {isa = PBXFileReference; lastKnownFileType = file.storyboard; name = Base; path = Base.lproj/LaunchScreen.storyboard; sourceTree = "<group>"; };
		BDDAF33226BD149C005C50BC /* Info.plist */ = {isa = PBXFileReference; lastKnownFileType = text.plist.xml; path = Info.plist; sourceTree = "<group>"; };
		BDDAF33826BD14B3005C50BC /* IndicatorOverlayView.swift */ = {isa = PBXFileReference; lastKnownFileType = sourcecode.swift; path = IndicatorOverlayView.swift; sourceTree = "<group>"; };
/* End PBXFileReference section */

/* Begin PBXFrameworksBuildPhase section */
		BDDAF31E26BD149A005C50BC /* Frameworks */ = {
			isa = PBXFrameworksBuildPhase;
			buildActionMask = 2147483647;
			files = (
			);
			runOnlyForDeploymentPostprocessing = 0;
		};
/* End PBXFrameworksBuildPhase section */

/* Begin PBXGroup section */
		BDDAF31826BD149A005C50BC = {
			isa = PBXGroup;
			children = (
				BDDAF32326BD149A005C50BC /* IndicatorViewSample */,
				BDDAF32226BD149A005C50BC /* Products */,
			);
			sourceTree = "<group>";
		};
		BDDAF32226BD149A005C50BC /* Products */ = {
			isa = PBXGroup;
			children = (
				BDDAF32126BD149A005C50BC /* IndicatorViewSample.app */,
			);
			name = Products;
			sourceTree = "<group>";
		};
		BDDAF32326BD149A005C50BC /* IndicatorViewSample */ = {
			isa = PBXGroup;
			children = (
				BDDAF32426BD149A005C50BC /* AppDelegate.swift */,
				BDDAF32626BD149A005C50BC /* SceneDelegate.swift */,
				BDDAF33826BD14B3005C50BC /* IndicatorOverlayView.swift */,
				BDDAF32826BD149A005C50BC /* ViewController.swift */,
				BDDAF32A26BD149A005C50BC /* Main.storyboard */,
				BDDAF32D26BD149C005C50BC /* Assets.xcassets */,
				BDDAF32F26BD149C005C50BC /* LaunchScreen.storyboard */,
				BDDAF33226BD149C005C50BC /* Info.plist */,
			);
			path = IndicatorViewSample;
			sourceTree = "<group>";
		};
/* End PBXGroup section */

/* Begin PBXNativeTarget section */
		BDDAF32026BD149A005C50BC /* IndicatorViewSample */ = {
			isa = PBXNativeTarget;
			buildConfigurationList = BDDAF33526BD149C005C50BC /* Build configuration list for PBXNativeTarget "IndicatorViewSample" */;
			buildPhases = (
				BDDAF31D26BD149A005C50BC /* Sources */,
				BDDAF31E26BD149A005C50BC /* Frameworks */,
				BDDAF31F26BD149A005C50BC /* Resources */,
			);
			buildRules = (
			);
			dependencies = (
			);
			name = IndicatorViewSample;
			productName = IndicatorViewSample;
			productReference = BDDAF32126BD149A005C50BC /* IndicatorViewSample.app */;
			productType = "com.apple.product-type.application";
		};
/* End PBXNativeTarget section */

/* Begin PBXProject section */
		BDDAF31926BD149A005C50BC /* Project object */ = {
			isa = PBXProject;
			attributes = {
				LastSwiftUpdateCheck = 1250;
				LastUpgradeCheck = 1250;
				TargetAttributes = {
					BDDAF32026BD149A005C50BC = {
						CreatedOnToolsVersion = 12.5;
					};
				};
			};
			buildConfigurationList = BDDAF31C26BD149A005C50BC /* Build configuration list for PBXProject "IndicatorViewSample" */;
			compatibilityVersion = "Xcode 9.3";
			developmentRegion = en;
			hasScannedForEncodings = 0;
			knownRegions = (
				en,
				Base,
			);
			mainGroup = BDDAF31826BD149A005C50BC;
			productRefGroup = BDDAF32226BD149A005C50BC /* Products */;
			projectDirPath = "";
			projectRoot = "";
			targets = (
				BDDAF32026BD149A005C50BC /* IndicatorViewSample */,
			);
		};
/* End PBXProject section */

/* Begin PBXResourcesBuildPhase section */
		BDDAF31F26BD149A005C50BC /* Resources */ = {
			isa = PBXResourcesBuildPhase;
			buildActionMask = 2147483647;
			files = (
				BDDAF33126BD149C005C50BC /* LaunchScreen.storyboard in Resources */,
				BDDAF32E26BD149C005C50BC /* Assets.xcassets in Resources */,
				BDDAF32C26BD149A005C50BC /* Main.storyboard in Resources */,
			);
			runOnlyForDeploymentPostprocessing = 0;
		};
/* End PBXResourcesBuildPhase section */

/* Begin PBXSourcesBuildPhase section */
		BDDAF31D26BD149A005C50BC /* Sources */ = {
			isa = PBXSourcesBuildPhase;
			buildActionMask = 2147483647;
			files = (
				BDDAF32926BD149A005C50BC /* ViewController.swift in Sources */,
				BDDAF32526BD149A005C50BC /* AppDelegate.swift in Sources */,
				BDDAF32726BD149A005C50BC /* SceneDelegate.swift in Sources */,
				BDDAF33926BD14B3005C50BC /* IndicatorOverlayView.swift in Sources */,
			);
			runOnlyForDeploymentPostprocessing = 0;
		};
/* End PBXSourcesBuildPhase section */

/* Begin PBXVariantGroup section */
		BDDAF32A26BD149A005C50BC /* Main.storyboard */ = {
			isa = PBXVariantGroup;
			children = (
				BDDAF32B26BD149A005C50BC /* Base */,
			);
			name = Main.storyboard;
			sourceTree = "<group>";
		};
		BDDAF32F26BD149C005C50BC /* LaunchScreen.storyboard */ = {
			isa = PBXVariantGroup;
			children = (
				BDDAF33026BD149C005C50BC /* Base */,
			);
			name = LaunchScreen.storyboard;
			sourceTree = "<group>";
		};
/* End PBXVariantGroup section */

/* Begin XCBuildConfiguration section */
		BDDAF33326BD149C005C50BC /* Debug */ = {
			isa = XCBuildConfiguration;
			buildSettings = {
				ALWAYS_SEARCH_USER_PATHS = NO;
				CLANG_ANALYZER_NONNULL = YES;
				CLANG_ANALYZER_NUMBER_OBJECT_CONVERSION = YES_AGGRESSIVE;
				CLANG_CXX_LANGUAGE_STANDARD = "gnu++14";
				CLANG_CXX_LIBRARY = "libc++";
				CLANG_ENABLE_MODULES = YES;
				CLANG_ENABLE_OBJC_ARC = YES;
				CLANG_ENABLE_OBJC_WEAK = YES;
				CLANG_WARN_BLOCK_CAPTURE_AUTORELEASING = YES;
				CLANG_WARN_BOOL_CONVERSION = YES;
				CLANG_WARN_COMMA = YES;
				CLANG_WARN_CONSTANT_CONVERSION = YES;
				CLANG_WARN_DEPRECATED_OBJC_IMPLEMENTATIONS = YES;
				CLANG_WARN_DIRECT_OBJC_ISA_USAGE = YES_ERROR;
				CLANG_WARN_DOCUMENTATION_COMMENTS = YES;
				CLANG_WARN_EMPTY_BODY = YES;
				CLANG_WARN_ENUM_CONVERSION = YES;
				CLANG_WARN_INFINITE_RECURSION = YES;
				CLANG_WARN_INT_CONVERSION = YES;
				CLANG_WARN_NON_LITERAL_NULL_CONVERSION = YES;
				CLANG_WARN_OBJC_IMPLICIT_RETAIN_SELF = YES;
				CLANG_WARN_OBJC_LITERAL_CONVERSION = YES;
				CLANG_WARN_OBJC_ROOT_CLASS = YES_ERROR;
				CLANG_WARN_QUOTED_INCLUDE_IN_FRAMEWORK_HEADER = YES;
				CLANG_WARN_RANGE_LOOP_ANALYSIS = YES;
				CLANG_WARN_STRICT_PROTOTYPES = YES;
				CLANG_WARN_SUSPICIOUS_MOVE = YES;
				CLANG_WARN_UNGUARDED_AVAILABILITY = YES_AGGRESSIVE;
				CLANG_WARN_UNREACHABLE_CODE = YES;
				CLANG_WARN__DUPLICATE_METHOD_MATCH = YES;
				COPY_PHASE_STRIP = NO;
				DEBUG_INFORMATION_FORMAT = dwarf;
				ENABLE_STRICT_OBJC_MSGSEND = YES;
				ENABLE_TESTABILITY = YES;
				GCC_C_LANGUAGE_STANDARD = gnu11;
				GCC_DYNAMIC_NO_PIC = NO;
				GCC_NO_COMMON_BLOCKS = YES;
				GCC_OPTIMIZATION_LEVEL = 0;
				GCC_PREPROCESSOR_DEFINITIONS = (
					"DEBUG=1",
					"$(inherited)",
				);
				GCC_WARN_64_TO_32_BIT_CONVERSION = YES;
				GCC_WARN_ABOUT_RETURN_TYPE = YES_ERROR;
				GCC_WARN_UNDECLARED_SELECTOR = YES;
				GCC_WARN_UNINITIALIZED_AUTOS = YES_AGGRESSIVE;
				GCC_WARN_UNUSED_FUNCTION = YES;
				GCC_WARN_UNUSED_VARIABLE = YES;
				IPHONEOS_DEPLOYMENT_TARGET = 14.5;
				MTL_ENABLE_DEBUG_INFO = INCLUDE_SOURCE;
				MTL_FAST_MATH = YES;
				ONLY_ACTIVE_ARCH = YES;
				SDKROOT = iphoneos;
				SWIFT_ACTIVE_COMPILATION_CONDITIONS = DEBUG;
				SWIFT_OPTIMIZATION_LEVEL = "-Onone";
			};
			name = Debug;
		};
		BDDAF33426BD149C005C50BC /* Release */ = {
			isa = XCBuildConfiguration;
			buildSettings = {
				ALWAYS_SEARCH_USER_PATHS = NO;
				CLANG_ANALYZER_NONNULL = YES;
				CLANG_ANALYZER_NUMBER_OBJECT_CONVERSION = YES_AGGRESSIVE;
				CLANG_CXX_LANGUAGE_STANDARD = "gnu++14";
				CLANG_CXX_LIBRARY = "libc++";
				CLANG_ENABLE_MODULES = YES;
				CLANG_ENABLE_OBJC_ARC = YES;
				CLANG_ENABLE_OBJC_WEAK = YES;
				CLANG_WARN_BLOCK_CAPTURE_AUTORELEASING = YES;
				CLANG_WARN_BOOL_CONVERSION = YES;
				CLANG_WARN_COMMA = YES;
				CLANG_WARN_CONSTANT_CONVERSION = YES;
				CLANG_WARN_DEPRECATED_OBJC_IMPLEMENTATIONS = YES;
				CLANG_WARN_DIRECT_OBJC_ISA_USAGE = YES_ERROR;
				CLANG_WARN_DOCUMENTATION_COMMENTS = YES;
				CLANG_WARN_EMPTY_BODY = YES;
				CLANG_WARN_ENUM_CONVERSION = YES;
				CLANG_WARN_INFINITE_RECURSION = YES;
				CLANG_WARN_INT_CONVERSION = YES;
				CLANG_WARN_NON_LITERAL_NULL_CONVERSION = YES;
				CLANG_WARN_OBJC_IMPLICIT_RETAIN_SELF = YES;
				CLANG_WARN_OBJC_LITERAL_CONVERSION = YES;
				CLANG_WARN_OBJC_ROOT_CLASS = YES_ERROR;
				CLANG_WARN_QUOTED_INCLUDE_IN_FRAMEWORK_HEADER = YES;
				CLANG_WARN_RANGE_LOOP_ANALYSIS = YES;
				CLANG_WARN_STRICT_PROTOTYPES = YES;
				CLANG_WARN_SUSPICIOUS_MOVE = YES;
				CLANG_WARN_UNGUARDED_AVAILABILITY = YES_AGGRESSIVE;
				CLANG_WARN_UNREACHABLE_CODE = YES;
				CLANG_WARN__DUPLICATE_METHOD_MATCH = YES;
				COPY_PHASE_STRIP = NO;
				DEBUG_INFORMATION_FORMAT = "dwarf-with-dsym";
				ENABLE_NS_ASSERTIONS = NO;
				ENABLE_STRICT_OBJC_MSGSEND = YES;
				GCC_C_LANGUAGE_STANDARD = gnu11;
				GCC_NO_COMMON_BLOCKS = YES;
				GCC_WARN_64_TO_32_BIT_CONVERSION = YES;
				GCC_WARN_ABOUT_RETURN_TYPE = YES_ERROR;
				GCC_WARN_UNDECLARED_SELECTOR = YES;
				GCC_WARN_UNINITIALIZED_AUTOS = YES_AGGRESSIVE;
				GCC_WARN_UNUSED_FUNCTION = YES;
				GCC_WARN_UNUSED_VARIABLE = YES;
				IPHONEOS_DEPLOYMENT_TARGET = 14.5;
				MTL_ENABLE_DEBUG_INFO = NO;
				MTL_FAST_MATH = YES;
				SDKROOT = iphoneos;
				SWIFT_COMPILATION_MODE = wholemodule;
				SWIFT_OPTIMIZATION_LEVEL = "-O";
				VALIDATE_PRODUCT = YES;
			};
			name = Release;
		};
		BDDAF33626BD149C005C50BC /* Debug */ = {
			isa = XCBuildConfiguration;
			buildSettings = {
				ASSETCATALOG_COMPILER_APPICON_NAME = AppIcon;
				ASSETCATALOG_COMPILER_GLOBAL_ACCENT_COLOR_NAME = AccentColor;
				CODE_SIGN_STYLE = Automatic;
				DEVELOPMENT_TEAM = W895YM7ZMH;
				INFOPLIST_FILE = IndicatorViewSample/Info.plist;
				LD_RUNPATH_SEARCH_PATHS = (
					"$(inherited)",
					"@executable_path/Frameworks",
				);
				PRODUCT_BUNDLE_IDENTIFIER = com.dooribon.IndicatorViewSample;
				PRODUCT_NAME = "$(TARGET_NAME)";
				SWIFT_VERSION = 5.0;
				TARGETED_DEVICE_FAMILY = "1,2";
			};
			name = Debug;
		};
		BDDAF33726BD149C005C50BC /* Release */ = {
			isa = XCBuildConfiguration;
			buildSettings = {
				ASSETCATALOG_COMPILER_APPICON_NAME = AppIcon;
				ASSETCATALOG_COMPILER_GLOBAL_ACCENT_COLOR_NAME = AccentColor;
				CODE_SIGN_STYLE = Automatic;
				DEVELOPMENT_TEAM = W895YM7ZMH;
				INFOPLIST_FILE = IndicatorViewSample/Info.plist;
				LD_RUNPATH_SEARCH_PATHS = (
					"$(inherited)",
					"@executable_path/Frameworks",
				);
				PRODUCT_BUNDLE_IDENTIFIER = com.dooribon.IndicatorViewSample;
				PRODUCT_NAME = "$(TARGET_NAME)";
				SWIFT_VERSION = 5.0;
				TARGETED_DEVICE_FAMILY = "1,2";
			};
			name = Release;
		};
/* End XCBuildConfiguration section */

/* Begin XCConfigurationList section */
		BDDAF31C26BD149A005C50BC /* Build configuration list for PBXProject "IndicatorViewSample" */ = {
			isa = XCConfigurationList;
			buildConfigurations = (
				BDDAF33326BD149C005C50BC /* Debug */,
				BDDAF33426BD149C005C50BC /* Release */,
			);
			defaultConfigurationIsVisible = 0;
			defaultConfigurationName = Release;
		};
		BDDAF33526BD149C005C50BC /* Build configuration list for PBXNativeTarget "IndicatorViewSample" */ = {
			isa = XCConfigurationList;
			buildConfigurations = (
				BDDAF33626BD149C005C50BC /* Debug */,
				BDDAF33726BD149C005C50BC /* Release */,
			);
			defaultConfigurationIsVisible = 0;
			defaultConfigurationName = Release;
		};
/* End XCConfigurationList section */
	};
	rootObject = BDDAF31926BD149A005C50BC /* Project object */;
}
