// !$*UTF8*$!
{
	archiveVersion = 1;
	classes = {
	};
	objectVersion = 50;
	objects = {

/* Begin PBXBuildFile section */
		BDA7145F26BFF67A007B8699 /* AppDelegate.swift in Sources */ = {isa = PBXBuildFile; fileRef = BDA7145E26BFF67A007B8699 /* AppDelegate.swift */; };
		BDA7146126BFF67A007B8699 /* SceneDelegate.swift in Sources */ = {isa = PBXBuildFile; fileRef = BDA7146026BFF67A007B8699 /* SceneDelegate.swift */; };
		BDA7146326BFF67A007B8699 /* ViewController.swift in Sources */ = {isa = PBXBuildFile; fileRef = BDA7146226BFF67A007B8699 /* ViewController.swift */; };
		BDA7146626BFF67A007B8699 /* Main.storyboard in Resources */ = {isa = PBXBuildFile; fileRef = BDA7146426BFF67A007B8699 /* Main.storyboard */; };
		BDA7146826BFF67C007B8699 /* Assets.xcassets in Resources */ = {isa = PBXBuildFile; fileRef = BDA7146726BFF67C007B8699 /* Assets.xcassets */; };
		BDA7146B26BFF67C007B8699 /* LaunchScreen.storyboard in Resources */ = {isa = PBXBuildFile; fileRef = BDA7146926BFF67C007B8699 /* LaunchScreen.storyboard */; };
		BDA7147326BFF68A007B8699 /* CustomButton.swift in Sources */ = {isa = PBXBuildFile; fileRef = BDA7147226BFF68A007B8699 /* CustomButton.swift */; };
/* End PBXBuildFile section */

/* Begin PBXFileReference section */
		BDA7145B26BFF67A007B8699 /* CustomViewSample.app */ = {isa = PBXFileReference; explicitFileType = wrapper.application; includeInIndex = 0; path = CustomViewSample.app; sourceTree = BUILT_PRODUCTS_DIR; };
		BDA7145E26BFF67A007B8699 /* AppDelegate.swift */ = {isa = PBXFileReference; lastKnownFileType = sourcecode.swift; path = AppDelegate.swift; sourceTree = "<group>"; };
		BDA7146026BFF67A007B8699 /* SceneDelegate.swift */ = {isa = PBXFileReference; lastKnownFileType = sourcecode.swift; path = SceneDelegate.swift; sourceTree = "<group>"; };
		BDA7146226BFF67A007B8699 /* ViewController.swift */ = {isa = PBXFileReference; lastKnownFileType = sourcecode.swift; path = ViewController.swift; sourceTree = "<group>"; };
		BDA7146526BFF67A007B8699 /* Base */ = {isa = PBXFileReference; lastKnownFileType = file.storyboard; name = Base; path = Base.lproj/Main.storyboard; sourceTree = "<group>"; };
		BDA7146726BFF67C007B8699 /* Assets.xcassets */ = {isa = PBXFileReference; lastKnownFileType = folder.assetcatalog; path = Assets.xcassets; sourceTree = "<group>"; };
		BDA7146A26BFF67C007B8699 /* Base */ = {isa = PBXFileReference; lastKnownFileType = file.storyboard; name = Base; path = Base.lproj/LaunchScreen.storyboard; sourceTree = "<group>"; };
		BDA7146C26BFF67C007B8699 /* Info.plist */ = {isa = PBXFileReference; lastKnownFileType = text.plist.xml; path = Info.plist; sourceTree = "<group>"; };
		BDA7147226BFF68A007B8699 /* CustomButton.swift */ = {isa = PBXFileReference; lastKnownFileType = sourcecode.swift; path = CustomButton.swift; sourceTree = "<group>"; };
/* End PBXFileReference section */

/* Begin PBXFrameworksBuildPhase section */
		BDA7145826BFF67A007B8699 /* Frameworks */ = {
			isa = PBXFrameworksBuildPhase;
			buildActionMask = 2147483647;
			files = (
			);
			runOnlyForDeploymentPostprocessing = 0;
		};
/* End PBXFrameworksBuildPhase section */

/* Begin PBXGroup section */
		BDA7145226BFF67A007B8699 = {
			isa = PBXGroup;
			children = (
				BDA7145D26BFF67A007B8699 /* CustomViewSample */,
				BDA7145C26BFF67A007B8699 /* Products */,
			);
			sourceTree = "<group>";
		};
		BDA7145C26BFF67A007B8699 /* Products */ = {
			isa = PBXGroup;
			children = (
				BDA7145B26BFF67A007B8699 /* CustomViewSample.app */,
			);
			name = Products;
			sourceTree = "<group>";
		};
		BDA7145D26BFF67A007B8699 /* CustomViewSample */ = {
			isa = PBXGroup;
			children = (
				BDA7145E26BFF67A007B8699 /* AppDelegate.swift */,
				BDA7146026BFF67A007B8699 /* SceneDelegate.swift */,
				BDA7147226BFF68A007B8699 /* CustomButton.swift */,
				BDA7146226BFF67A007B8699 /* ViewController.swift */,
				BDA7146426BFF67A007B8699 /* Main.storyboard */,
				BDA7146726BFF67C007B8699 /* Assets.xcassets */,
				BDA7146926BFF67C007B8699 /* LaunchScreen.storyboard */,
				BDA7146C26BFF67C007B8699 /* Info.plist */,
			);
			path = CustomViewSample;
			sourceTree = "<group>";
		};
/* End PBXGroup section */

/* Begin PBXNativeTarget section */
		BDA7145A26BFF67A007B8699 /* CustomViewSample */ = {
			isa = PBXNativeTarget;
			buildConfigurationList = BDA7146F26BFF67C007B8699 /* Build configuration list for PBXNativeTarget "CustomViewSample" */;
			buildPhases = (
				BDA7145726BFF67A007B8699 /* Sources */,
				BDA7145826BFF67A007B8699 /* Frameworks */,
				BDA7145926BFF67A007B8699 /* Resources */,
			);
			buildRules = (
			);
			dependencies = (
			);
			name = CustomViewSample;
			productName = CustomViewSample;
			productReference = BDA7145B26BFF67A007B8699 /* CustomViewSample.app */;
			productType = "com.apple.product-type.application";
		};
/* End PBXNativeTarget section */

/* Begin PBXProject section */
		BDA7145326BFF67A007B8699 /* Project object */ = {
			isa = PBXProject;
			attributes = {
				LastSwiftUpdateCheck = 1250;
				LastUpgradeCheck = 1250;
				TargetAttributes = {
					BDA7145A26BFF67A007B8699 = {
						CreatedOnToolsVersion = 12.5;
					};
				};
			};
			buildConfigurationList = BDA7145626BFF67A007B8699 /* Build configuration list for PBXProject "CustomViewSample" */;
			compatibilityVersion = "Xcode 9.3";
			developmentRegion = en;
			hasScannedForEncodings = 0;
			knownRegions = (
				en,
				Base,
			);
			mainGroup = BDA7145226BFF67A007B8699;
			productRefGroup = BDA7145C26BFF67A007B8699 /* Products */;
			projectDirPath = "";
			projectRoot = "";
			targets = (
				BDA7145A26BFF67A007B8699 /* CustomViewSample */,
			);
		};
/* End PBXProject section */

/* Begin PBXResourcesBuildPhase section */
		BDA7145926BFF67A007B8699 /* Resources */ = {
			isa = PBXResourcesBuildPhase;
			buildActionMask = 2147483647;
			files = (
				BDA7146B26BFF67C007B8699 /* LaunchScreen.storyboard in Resources */,
				BDA7146826BFF67C007B8699 /* Assets.xcassets in Resources */,
				BDA7146626BFF67A007B8699 /* Main.storyboard in Resources */,
			);
			runOnlyForDeploymentPostprocessing = 0;
		};
/* End PBXResourcesBuildPhase section */

/* Begin PBXSourcesBuildPhase section */
		BDA7145726BFF67A007B8699 /* Sources */ = {
			isa = PBXSourcesBuildPhase;
			buildActionMask = 2147483647;
			files = (
				BDA7147326BFF68A007B8699 /* CustomButton.swift in Sources */,
				BDA7146326BFF67A007B8699 /* ViewController.swift in Sources */,
				BDA7145F26BFF67A007B8699 /* AppDelegate.swift in Sources */,
				BDA7146126BFF67A007B8699 /* SceneDelegate.swift in Sources */,
			);
			runOnlyForDeploymentPostprocessing = 0;
		};
/* End PBXSourcesBuildPhase section */

/* Begin PBXVariantGroup section */
		BDA7146426BFF67A007B8699 /* Main.storyboard */ = {
			isa = PBXVariantGroup;
			children = (
				BDA7146526BFF67A007B8699 /* Base */,
			);
			name = Main.storyboard;
			sourceTree = "<group>";
		};
		BDA7146926BFF67C007B8699 /* LaunchScreen.storyboard */ = {
			isa = PBXVariantGroup;
			children = (
				BDA7146A26BFF67C007B8699 /* Base */,
			);
			name = LaunchScreen.storyboard;
			sourceTree = "<group>";
		};
/* End PBXVariantGroup section */

/* Begin XCBuildConfiguration section */
		BDA7146D26BFF67C007B8699 /* Debug */ = {
			isa = XCBuildConfiguration;
			buildSettings = {
				ALWAYS_SEARCH_USER_PATHS = NO;
				CLANG_ANALYZER_NONNULL = YES;
				CLANG_ANALYZER_NUMBER_OBJECT_CONVERSION = YES_AGGRESSIVE;
				CLANG_CXX_LANGUAGE_STANDARD = "gnu++14";
				CLANG_CXX_LIBRARY = "libc++";
				CLANG_ENABLE_MODULES = YES;
				CLANG_ENABLE_OBJC_ARC = YES;
				CLANG_ENABLE_OBJC_WEAK = YES;
				CLANG_WARN_BLOCK_CAPTURE_AUTORELEASING = YES;
				CLANG_WARN_BOOL_CONVERSION = YES;
				CLANG_WARN_COMMA = YES;
				CLANG_WARN_CONSTANT_CONVERSION = YES;
				CLANG_WARN_DEPRECATED_OBJC_IMPLEMENTATIONS = YES;
				CLANG_WARN_DIRECT_OBJC_ISA_USAGE = YES_ERROR;
				CLANG_WARN_DOCUMENTATION_COMMENTS = YES;
				CLANG_WARN_EMPTY_BODY = YES;
				CLANG_WARN_ENUM_CONVERSION = YES;
				CLANG_WARN_INFINITE_RECURSION = YES;
				CLANG_WARN_INT_CONVERSION = YES;
				CLANG_WARN_NON_LITERAL_NULL_CONVERSION = YES;
				CLANG_WARN_OBJC_IMPLICIT_RETAIN_SELF = YES;
				CLANG_WARN_OBJC_LITERAL_CONVERSION = YES;
				CLANG_WARN_OBJC_ROOT_CLASS = YES_ERROR;
				CLANG_WARN_QUOTED_INCLUDE_IN_FRAMEWORK_HEADER = YES;
				CLANG_WARN_RANGE_LOOP_ANALYSIS = YES;
				CLANG_WARN_STRICT_PROTOTYPES = YES;
				CLANG_WARN_SUSPICIOUS_MOVE = YES;
				CLANG_WARN_UNGUARDED_AVAILABILITY = YES_AGGRESSIVE;
				CLANG_WARN_UNREACHABLE_CODE = YES;
				CLANG_WARN__DUPLICATE_METHOD_MATCH = YES;
				COPY_PHASE_STRIP = NO;
				DEBUG_INFORMATION_FORMAT = dwarf;
				ENABLE_STRICT_OBJC_MSGSEND = YES;
				ENABLE_TESTABILITY = YES;
				GCC_C_LANGUAGE_STANDARD = gnu11;
				GCC_DYNAMIC_NO_PIC = NO;
				GCC_NO_COMMON_BLOCKS = YES;
				GCC_OPTIMIZATION_LEVEL = 0;
				GCC_PREPROCESSOR_DEFINITIONS = (
					"DEBUG=1",
					"$(inherited)",
				);
				GCC_WARN_64_TO_32_BIT_CONVERSION = YES;
				GCC_WARN_ABOUT_RETURN_TYPE = YES_ERROR;
				GCC_WARN_UNDECLARED_SELECTOR = YES;
				GCC_WARN_UNINITIALIZED_AUTOS = YES_AGGRESSIVE;
				GCC_WARN_UNUSED_FUNCTION = YES;
				GCC_WARN_UNUSED_VARIABLE = YES;
				IPHONEOS_DEPLOYMENT_TARGET = 14.5;
				MTL_ENABLE_DEBUG_INFO = INCLUDE_SOURCE;
				MTL_FAST_MATH = YES;
				ONLY_ACTIVE_ARCH = YES;
				SDKROOT = iphoneos;
				SWIFT_ACTIVE_COMPILATION_CONDITIONS = DEBUG;
				SWIFT_OPTIMIZATION_LEVEL = "-Onone";
			};
			name = Debug;
		};
		BDA7146E26BFF67C007B8699 /* Release */ = {
			isa = XCBuildConfiguration;
			buildSettings = {
				ALWAYS_SEARCH_USER_PATHS = NO;
				CLANG_ANALYZER_NONNULL = YES;
				CLANG_ANALYZER_NUMBER_OBJECT_CONVERSION = YES_AGGRESSIVE;
				CLANG_CXX_LANGUAGE_STANDARD = "gnu++14";
				CLANG_CXX_LIBRARY = "libc++";
				CLANG_ENABLE_MODULES = YES;
				CLANG_ENABLE_OBJC_ARC = YES;
				CLANG_ENABLE_OBJC_WEAK = YES;
				CLANG_WARN_BLOCK_CAPTURE_AUTORELEASING = YES;
				CLANG_WARN_BOOL_CONVERSION = YES;
				CLANG_WARN_COMMA = YES;
				CLANG_WARN_CONSTANT_CONVERSION = YES;
				CLANG_WARN_DEPRECATED_OBJC_IMPLEMENTATIONS = YES;
				CLANG_WARN_DIRECT_OBJC_ISA_USAGE = YES_ERROR;
				CLANG_WARN_DOCUMENTATION_COMMENTS = YES;
				CLANG_WARN_EMPTY_BODY = YES;
				CLANG_WARN_ENUM_CONVERSION = YES;
				CLANG_WARN_INFINITE_RECURSION = YES;
				CLANG_WARN_INT_CONVERSION = YES;
				CLANG_WARN_NON_LITERAL_NULL_CONVERSION = YES;
				CLANG_WARN_OBJC_IMPLICIT_RETAIN_SELF = YES;
				CLANG_WARN_OBJC_LITERAL_CONVERSION = YES;
				CLANG_WARN_OBJC_ROOT_CLASS = YES_ERROR;
				CLANG_WARN_QUOTED_INCLUDE_IN_FRAMEWORK_HEADER = YES;
				CLANG_WARN_RANGE_LOOP_ANALYSIS = YES;
				CLANG_WARN_STRICT_PROTOTYPES = YES;
				CLANG_WARN_SUSPICIOUS_MOVE = YES;
				CLANG_WARN_UNGUARDED_AVAILABILITY = YES_AGGRESSIVE;
				CLANG_WARN_UNREACHABLE_CODE = YES;
				CLANG_WARN__DUPLICATE_METHOD_MATCH = YES;
				COPY_PHASE_STRIP = NO;
				DEBUG_INFORMATION_FORMAT = "dwarf-with-dsym";
				ENABLE_NS_ASSERTIONS = NO;
				ENABLE_STRICT_OBJC_MSGSEND = YES;
				GCC_C_LANGUAGE_STANDARD = gnu11;
				GCC_NO_COMMON_BLOCKS = YES;
				GCC_WARN_64_TO_32_BIT_CONVERSION = YES;
				GCC_WARN_ABOUT_RETURN_TYPE = YES_ERROR;
				GCC_WARN_UNDECLARED_SELECTOR = YES;
				GCC_WARN_UNINITIALIZED_AUTOS = YES_AGGRESSIVE;
				GCC_WARN_UNUSED_FUNCTION = YES;
				GCC_WARN_UNUSED_VARIABLE = YES;
				IPHONEOS_DEPLOYMENT_TARGET = 14.5;
				MTL_ENABLE_DEBUG_INFO = NO;
				MTL_FAST_MATH = YES;
				SDKROOT = iphoneos;
				SWIFT_COMPILATION_MODE = wholemodule;
				SWIFT_OPTIMIZATION_LEVEL = "-O";
				VALIDATE_PRODUCT = YES;
			};
			name = Release;
		};
		BDA7147026BFF67C007B8699 /* Debug */ = {
			isa = XCBuildConfiguration;
			buildSettings = {
				ASSETCATALOG_COMPILER_APPICON_NAME = AppIcon;
				ASSETCATALOG_COMPILER_GLOBAL_ACCENT_COLOR_NAME = AccentColor;
				CODE_SIGN_STYLE = Automatic;
				DEVELOPMENT_TEAM = W895YM7ZMH;
				INFOPLIST_FILE = CustomViewSample/Info.plist;
				LD_RUNPATH_SEARCH_PATHS = (
					"$(inherited)",
					"@executable_path/Frameworks",
				);
				PRODUCT_BUNDLE_IDENTIFIER = com.dooribon.CustomViewSample;
				PRODUCT_NAME = "$(TARGET_NAME)";
				SWIFT_VERSION = 5.0;
				TARGETED_DEVICE_FAMILY = "1,2";
			};
			name = Debug;
		};
		BDA7147126BFF67C007B8699 /* Release */ = {
			isa = XCBuildConfiguration;
			buildSettings = {
				ASSETCATALOG_COMPILER_APPICON_NAME = AppIcon;
				ASSETCATALOG_COMPILER_GLOBAL_ACCENT_COLOR_NAME = AccentColor;
				CODE_SIGN_STYLE = Automatic;
				DEVELOPMENT_TEAM = W895YM7ZMH;
				INFOPLIST_FILE = CustomViewSample/Info.plist;
				LD_RUNPATH_SEARCH_PATHS = (
					"$(inherited)",
					"@executable_path/Frameworks",
				);
				PRODUCT_BUNDLE_IDENTIFIER = com.dooribon.CustomViewSample;
				PRODUCT_NAME = "$(TARGET_NAME)";
				SWIFT_VERSION = 5.0;
				TARGETED_DEVICE_FAMILY = "1,2";
			};
			name = Release;
		};
/* End XCBuildConfiguration section */

/* Begin XCConfigurationList section */
		BDA7145626BFF67A007B8699 /* Build configuration list for PBXProject "CustomViewSample" */ = {
			isa = XCConfigurationList;
			buildConfigurations = (
				BDA7146D26BFF67C007B8699 /* Debug */,
				BDA7146E26BFF67C007B8699 /* Release */,
			);
			defaultConfigurationIsVisible = 0;
			defaultConfigurationName = Release;
		};
		BDA7146F26BFF67C007B8699 /* Build configuration list for PBXNativeTarget "CustomViewSample" */ = {
			isa = XCConfigurationList;
			buildConfigurations = (
				BDA7147026BFF67C007B8699 /* Debug */,
				BDA7147126BFF67C007B8699 /* Release */,
			);
			defaultConfigurationIsVisible = 0;
			defaultConfigurationName = Release;
		};
/* End XCConfigurationList section */
	};
	rootObject = BDA7145326BFF67A007B8699 /* Project object */;
}
