// !$*UTF8*$!
{
	archiveVersion = 1;
	classes = {
	};
	objectVersion = 50;
	objects = {

/* Begin PBXBuildFile section */
		BD54C66526CF8B600000BD5C /* AppDelegate.swift in Sources */ = {isa = PBXBuildFile; fileRef = BD54C66426CF8B600000BD5C /* AppDelegate.swift */; };
		BD54C66726CF8B600000BD5C /* SceneDelegate.swift in Sources */ = {isa = PBXBuildFile; fileRef = BD54C66626CF8B600000BD5C /* SceneDelegate.swift */; };
		BD54C66926CF8B600000BD5C /* ViewController.swift in Sources */ = {isa = PBXBuildFile; fileRef = BD54C66826CF8B600000BD5C /* ViewController.swift */; };
		BD54C66C26CF8B600000BD5C /* Main.storyboard in Resources */ = {isa = PBXBuildFile; fileRef = BD54C66A26CF8B600000BD5C /* Main.storyboard */; };
		BD54C66E26CF8B620000BD5C /* Assets.xcassets in Resources */ = {isa = PBXBuildFile; fileRef = BD54C66D26CF8B620000BD5C /* Assets.xcassets */; };
		BD54C67126CF8B620000BD5C /* LaunchScreen.storyboard in Resources */ = {isa = PBXBuildFile; fileRef = BD54C66F26CF8B620000BD5C /* LaunchScreen.storyboard */; };
		BD54C67926CF9ACF0000BD5C /* UIViewPreview.swift in Sources */ = {isa = PBXBuildFile; fileRef = BD54C67826CF9ACF0000BD5C /* UIViewPreview.swift */; };
/* End PBXBuildFile section */

/* Begin PBXFileReference section */
		BD54C66126CF8B600000BD5C /* FrameBoundsSample.app */ = {isa = PBXFileReference; explicitFileType = wrapper.application; includeInIndex = 0; path = FrameBoundsSample.app; sourceTree = BUILT_PRODUCTS_DIR; };
		BD54C66426CF8B600000BD5C /* AppDelegate.swift */ = {isa = PBXFileReference; lastKnownFileType = sourcecode.swift; path = AppDelegate.swift; sourceTree = "<group>"; };
		BD54C66626CF8B600000BD5C /* SceneDelegate.swift */ = {isa = PBXFileReference; lastKnownFileType = sourcecode.swift; path = SceneDelegate.swift; sourceTree = "<group>"; };
		BD54C66826CF8B600000BD5C /* ViewController.swift */ = {isa = PBXFileReference; lastKnownFileType = sourcecode.swift; path = ViewController.swift; sourceTree = "<group>"; };
		BD54C66B26CF8B600000BD5C /* Base */ = {isa = PBXFileReference; lastKnownFileType = file.storyboard; name = Base; path = Base.lproj/Main.storyboard; sourceTree = "<group>"; };
		BD54C66D26CF8B620000BD5C /* Assets.xcassets */ = {isa = PBXFileReference; lastKnownFileType = folder.assetcatalog; path = Assets.xcassets; sourceTree = "<group>"; };
		BD54C67026CF8B620000BD5C /* Base */ = {isa = PBXFileReference; lastKnownFileType = file.storyboard; name = Base; path = Base.lproj/LaunchScreen.storyboard; sourceTree = "<group>"; };
		BD54C67226CF8B620000BD5C /* Info.plist */ = {isa = PBXFileReference; lastKnownFileType = text.plist.xml; path = Info.plist; sourceTree = "<group>"; };
		BD54C67826CF9ACF0000BD5C /* UIViewPreview.swift */ = {isa = PBXFileReference; lastKnownFileType = sourcecode.swift; path = UIViewPreview.swift; sourceTree = "<group>"; };
/* End PBXFileReference section */

/* Begin PBXFrameworksBuildPhase section */
		BD54C65E26CF8B600000BD5C /* Frameworks */ = {
			isa = PBXFrameworksBuildPhase;
			buildActionMask = 2147483647;
			files = (
			);
			runOnlyForDeploymentPostprocessing = 0;
		};
/* End PBXFrameworksBuildPhase section */

/* Begin PBXGroup section */
		BD54C65826CF8B600000BD5C = {
			isa = PBXGroup;
			children = (
				BD54C66326CF8B600000BD5C /* FrameBoundsSample */,
				BD54C66226CF8B600000BD5C /* Products */,
			);
			sourceTree = "<group>";
		};
		BD54C66226CF8B600000BD5C /* Products */ = {
			isa = PBXGroup;
			children = (
				BD54C66126CF8B600000BD5C /* FrameBoundsSample.app */,
			);
			name = Products;
			sourceTree = "<group>";
		};
		BD54C66326CF8B600000BD5C /* FrameBoundsSample */ = {
			isa = PBXGroup;
			children = (
				BD54C66426CF8B600000BD5C /* AppDelegate.swift */,
				BD54C66626CF8B600000BD5C /* SceneDelegate.swift */,
				BD54C66826CF8B600000BD5C /* ViewController.swift */,
				BD54C66A26CF8B600000BD5C /* Main.storyboard */,
				BD54C66D26CF8B620000BD5C /* Assets.xcassets */,
				BD54C66F26CF8B620000BD5C /* LaunchScreen.storyboard */,
				BD54C67226CF8B620000BD5C /* Info.plist */,
				BD54C67826CF9ACF0000BD5C /* UIViewPreview.swift */,
			);
			path = FrameBoundsSample;
			sourceTree = "<group>";
		};
/* End PBXGroup section */

/* Begin PBXNativeTarget section */
		BD54C66026CF8B600000BD5C /* FrameBoundsSample */ = {
			isa = PBXNativeTarget;
			buildConfigurationList = BD54C67526CF8B620000BD5C /* Build configuration list for PBXNativeTarget "FrameBoundsSample" */;
			buildPhases = (
				BD54C65D26CF8B600000BD5C /* Sources */,
				BD54C65E26CF8B600000BD5C /* Frameworks */,
				BD54C65F26CF8B600000BD5C /* Resources */,
			);
			buildRules = (
			);
			dependencies = (
			);
			name = FrameBoundsSample;
			productName = FrameBoundsSample;
			productReference = BD54C66126CF8B600000BD5C /* FrameBoundsSample.app */;
			productType = "com.apple.product-type.application";
		};
/* End PBXNativeTarget section */

/* Begin PBXProject section */
		BD54C65926CF8B600000BD5C /* Project object */ = {
			isa = PBXProject;
			attributes = {
				LastSwiftUpdateCheck = 1250;
				LastUpgradeCheck = 1250;
				TargetAttributes = {
					BD54C66026CF8B600000BD5C = {
						CreatedOnToolsVersion = 12.5;
					};
				};
			};
			buildConfigurationList = BD54C65C26CF8B600000BD5C /* Build configuration list for PBXProject "FrameBoundsSample" */;
			compatibilityVersion = "Xcode 9.3";
			developmentRegion = en;
			hasScannedForEncodings = 0;
			knownRegions = (
				en,
				Base,
			);
			mainGroup = BD54C65826CF8B600000BD5C;
			productRefGroup = BD54C66226CF8B600000BD5C /* Products */;
			projectDirPath = "";
			projectRoot = "";
			targets = (
				BD54C66026CF8B600000BD5C /* FrameBoundsSample */,
			);
		};
/* End PBXProject section */

/* Begin PBXResourcesBuildPhase section */
		BD54C65F26CF8B600000BD5C /* Resources */ = {
			isa = PBXResourcesBuildPhase;
			buildActionMask = 2147483647;
			files = (
				BD54C67126CF8B620000BD5C /* LaunchScreen.storyboard in Resources */,
				BD54C66E26CF8B620000BD5C /* Assets.xcassets in Resources */,
				BD54C66C26CF8B600000BD5C /* Main.storyboard in Resources */,
			);
			runOnlyForDeploymentPostprocessing = 0;
		};
/* End PBXResourcesBuildPhase section */

/* Begin PBXSourcesBuildPhase section */
		BD54C65D26CF8B600000BD5C /* Sources */ = {
			isa = PBXSourcesBuildPhase;
			buildActionMask = 2147483647;
			files = (
				BD54C66926CF8B600000BD5C /* ViewController.swift in Sources */,
				BD54C67926CF9ACF0000BD5C /* UIViewPreview.swift in Sources */,
				BD54C66526CF8B600000BD5C /* AppDelegate.swift in Sources */,
				BD54C66726CF8B600000BD5C /* SceneDelegate.swift in Sources */,
			);
			runOnlyForDeploymentPostprocessing = 0;
		};
/* End PBXSourcesBuildPhase section */

/* Begin PBXVariantGroup section */
		BD54C66A26CF8B600000BD5C /* Main.storyboard */ = {
			isa = PBXVariantGroup;
			children = (
				BD54C66B26CF8B600000BD5C /* Base */,
			);
			name = Main.storyboard;
			sourceTree = "<group>";
		};
		BD54C66F26CF8B620000BD5C /* LaunchScreen.storyboard */ = {
			isa = PBXVariantGroup;
			children = (
				BD54C67026CF8B620000BD5C /* Base */,
			);
			name = LaunchScreen.storyboard;
			sourceTree = "<group>";
		};
/* End PBXVariantGroup section */

/* Begin XCBuildConfiguration section */
		BD54C67326CF8B620000BD5C /* Debug */ = {
			isa = XCBuildConfiguration;
			buildSettings = {
				ALWAYS_SEARCH_USER_PATHS = NO;
				CLANG_ANALYZER_NONNULL = YES;
				CLANG_ANALYZER_NUMBER_OBJECT_CONVERSION = YES_AGGRESSIVE;
				CLANG_CXX_LANGUAGE_STANDARD = "gnu++14";
				CLANG_CXX_LIBRARY = "libc++";
				CLANG_ENABLE_MODULES = YES;
				CLANG_ENABLE_OBJC_ARC = YES;
				CLANG_ENABLE_OBJC_WEAK = YES;
				CLANG_WARN_BLOCK_CAPTURE_AUTORELEASING = YES;
				CLANG_WARN_BOOL_CONVERSION = YES;
				CLANG_WARN_COMMA = YES;
				CLANG_WARN_CONSTANT_CONVERSION = YES;
				CLANG_WARN_DEPRECATED_OBJC_IMPLEMENTATIONS = YES;
				CLANG_WARN_DIRECT_OBJC_ISA_USAGE = YES_ERROR;
				CLANG_WARN_DOCUMENTATION_COMMENTS = YES;
				CLANG_WARN_EMPTY_BODY = YES;
				CLANG_WARN_ENUM_CONVERSION = YES;
				CLANG_WARN_INFINITE_RECURSION = YES;
				CLANG_WARN_INT_CONVERSION = YES;
				CLANG_WARN_NON_LITERAL_NULL_CONVERSION = YES;
				CLANG_WARN_OBJC_IMPLICIT_RETAIN_SELF = YES;
				CLANG_WARN_OBJC_LITERAL_CONVERSION = YES;
				CLANG_WARN_OBJC_ROOT_CLASS = YES_ERROR;
				CLANG_WARN_QUOTED_INCLUDE_IN_FRAMEWORK_HEADER = YES;
				CLANG_WARN_RANGE_LOOP_ANALYSIS = YES;
				CLANG_WARN_STRICT_PROTOTYPES = YES;
				CLANG_WARN_SUSPICIOUS_MOVE = YES;
				CLANG_WARN_UNGUARDED_AVAILABILITY = YES_AGGRESSIVE;
				CLANG_WARN_UNREACHABLE_CODE = YES;
				CLANG_WARN__DUPLICATE_METHOD_MATCH = YES;
				COPY_PHASE_STRIP = NO;
				DEBUG_INFORMATION_FORMAT = dwarf;
				ENABLE_STRICT_OBJC_MSGSEND = YES;
				ENABLE_TESTABILITY = YES;
				GCC_C_LANGUAGE_STANDARD = gnu11;
				GCC_DYNAMIC_NO_PIC = NO;
				GCC_NO_COMMON_BLOCKS = YES;
				GCC_OPTIMIZATION_LEVEL = 0;
				GCC_PREPROCESSOR_DEFINITIONS = (
					"DEBUG=1",
					"$(inherited)",
				);
				GCC_WARN_64_TO_32_BIT_CONVERSION = YES;
				GCC_WARN_ABOUT_RETURN_TYPE = YES_ERROR;
				GCC_WARN_UNDECLARED_SELECTOR = YES;
				GCC_WARN_UNINITIALIZED_AUTOS = YES_AGGRESSIVE;
				GCC_WARN_UNUSED_FUNCTION = YES;
				GCC_WARN_UNUSED_VARIABLE = YES;
				IPHONEOS_DEPLOYMENT_TARGET = 14.5;
				MTL_ENABLE_DEBUG_INFO = INCLUDE_SOURCE;
				MTL_FAST_MATH = YES;
				ONLY_ACTIVE_ARCH = YES;
				SDKROOT = iphoneos;
				SWIFT_ACTIVE_COMPILATION_CONDITIONS = DEBUG;
				SWIFT_OPTIMIZATION_LEVEL = "-Onone";
			};
			name = Debug;
		};
		BD54C67426CF8B620000BD5C /* Release */ = {
			isa = XCBuildConfiguration;
			buildSettings = {
				ALWAYS_SEARCH_USER_PATHS = NO;
				CLANG_ANALYZER_NONNULL = YES;
				CLANG_ANALYZER_NUMBER_OBJECT_CONVERSION = YES_AGGRESSIVE;
				CLANG_CXX_LANGUAGE_STANDARD = "gnu++14";
				CLANG_CXX_LIBRARY = "libc++";
				CLANG_ENABLE_MODULES = YES;
				CLANG_ENABLE_OBJC_ARC = YES;
				CLANG_ENABLE_OBJC_WEAK = YES;
				CLANG_WARN_BLOCK_CAPTURE_AUTORELEASING = YES;
				CLANG_WARN_BOOL_CONVERSION = YES;
				CLANG_WARN_COMMA = YES;
				CLANG_WARN_CONSTANT_CONVERSION = YES;
				CLANG_WARN_DEPRECATED_OBJC_IMPLEMENTATIONS = YES;
				CLANG_WARN_DIRECT_OBJC_ISA_USAGE = YES_ERROR;
				CLANG_WARN_DOCUMENTATION_COMMENTS = YES;
				CLANG_WARN_EMPTY_BODY = YES;
				CLANG_WARN_ENUM_CONVERSION = YES;
				CLANG_WARN_INFINITE_RECURSION = YES;
				CLANG_WARN_INT_CONVERSION = YES;
				CLANG_WARN_NON_LITERAL_NULL_CONVERSION = YES;
				CLANG_WARN_OBJC_IMPLICIT_RETAIN_SELF = YES;
				CLANG_WARN_OBJC_LITERAL_CONVERSION = YES;
				CLANG_WARN_OBJC_ROOT_CLASS = YES_ERROR;
				CLANG_WARN_QUOTED_INCLUDE_IN_FRAMEWORK_HEADER = YES;
				CLANG_WARN_RANGE_LOOP_ANALYSIS = YES;
				CLANG_WARN_STRICT_PROTOTYPES = YES;
				CLANG_WARN_SUSPICIOUS_MOVE = YES;
				CLANG_WARN_UNGUARDED_AVAILABILITY = YES_AGGRESSIVE;
				CLANG_WARN_UNREACHABLE_CODE = YES;
				CLANG_WARN__DUPLICATE_METHOD_MATCH = YES;
				COPY_PHASE_STRIP = NO;
				DEBUG_INFORMATION_FORMAT = "dwarf-with-dsym";
				ENABLE_NS_ASSERTIONS = NO;
				ENABLE_STRICT_OBJC_MSGSEND = YES;
				GCC_C_LANGUAGE_STANDARD = gnu11;
				GCC_NO_COMMON_BLOCKS = YES;
				GCC_WARN_64_TO_32_BIT_CONVERSION = YES;
				GCC_WARN_ABOUT_RETURN_TYPE = YES_ERROR;
				GCC_WARN_UNDECLARED_SELECTOR = YES;
				GCC_WARN_UNINITIALIZED_AUTOS = YES_AGGRESSIVE;
				GCC_WARN_UNUSED_FUNCTION = YES;
				GCC_WARN_UNUSED_VARIABLE = YES;
				IPHONEOS_DEPLOYMENT_TARGET = 14.5;
				MTL_ENABLE_DEBUG_INFO = NO;
				MTL_FAST_MATH = YES;
				SDKROOT = iphoneos;
				SWIFT_COMPILATION_MODE = wholemodule;
				SWIFT_OPTIMIZATION_LEVEL = "-O";
				VALIDATE_PRODUCT = YES;
			};
			name = Release;
		};
		BD54C67626CF8B620000BD5C /* Debug */ = {
			isa = XCBuildConfiguration;
			buildSettings = {
				ASSETCATALOG_COMPILER_APPICON_NAME = AppIcon;
				ASSETCATALOG_COMPILER_GLOBAL_ACCENT_COLOR_NAME = AccentColor;
				CODE_SIGN_STYLE = Automatic;
				DEVELOPMENT_TEAM = W895YM7ZMH;
				INFOPLIST_FILE = FrameBoundsSample/Info.plist;
				LD_RUNPATH_SEARCH_PATHS = (
					"$(inherited)",
					"@executable_path/Frameworks",
				);
				PRODUCT_BUNDLE_IDENTIFIER = com.dooribon.FrameBoundsSample;
				PRODUCT_NAME = "$(TARGET_NAME)";
				SWIFT_VERSION = 5.0;
				TARGETED_DEVICE_FAMILY = "1,2";
			};
			name = Debug;
		};
		BD54C67726CF8B620000BD5C /* Release */ = {
			isa = XCBuildConfiguration;
			buildSettings = {
				ASSETCATALOG_COMPILER_APPICON_NAME = AppIcon;
				ASSETCATALOG_COMPILER_GLOBAL_ACCENT_COLOR_NAME = AccentColor;
				CODE_SIGN_STYLE = Automatic;
				DEVELOPMENT_TEAM = W895YM7ZMH;
				INFOPLIST_FILE = FrameBoundsSample/Info.plist;
				LD_RUNPATH_SEARCH_PATHS = (
					"$(inherited)",
					"@executable_path/Frameworks",
				);
				PRODUCT_BUNDLE_IDENTIFIER = com.dooribon.FrameBoundsSample;
				PRODUCT_NAME = "$(TARGET_NAME)";
				SWIFT_VERSION = 5.0;
				TARGETED_DEVICE_FAMILY = "1,2";
			};
			name = Release;
		};
/* End XCBuildConfiguration section */

/* Begin XCConfigurationList section */
		BD54C65C26CF8B600000BD5C /* Build configuration list for PBXProject "FrameBoundsSample" */ = {
			isa = XCConfigurationList;
			buildConfigurations = (
				BD54C67326CF8B620000BD5C /* Debug */,
				BD54C67426CF8B620000BD5C /* Release */,
			);
			defaultConfigurationIsVisible = 0;
			defaultConfigurationName = Release;
		};
		BD54C67526CF8B620000BD5C /* Build configuration list for PBXNativeTarget "FrameBoundsSample" */ = {
			isa = XCConfigurationList;
			buildConfigurations = (
				BD54C67626CF8B620000BD5C /* Debug */,
				BD54C67726CF8B620000BD5C /* Release */,
			);
			defaultConfigurationIsVisible = 0;
			defaultConfigurationName = Release;
		};
/* End XCConfigurationList section */
	};
	rootObject = BD54C65926CF8B600000BD5C /* Project object */;
}
