// !$*UTF8*$!
{
	archiveVersion = 1;
	classes = {
	};
	objectVersion = 50;
	objects = {

/* Begin PBXBuildFile section */
		BDA0185126E9EFFF00C1B7BC /* AppDelegate.swift in Sources */ = {isa = PBXBuildFile; fileRef = BDA0185026E9EFFF00C1B7BC /* AppDelegate.swift */; };
		BDA0185326E9EFFF00C1B7BC /* SceneDelegate.swift in Sources */ = {isa = PBXBuildFile; fileRef = BDA0185226E9EFFF00C1B7BC /* SceneDelegate.swift */; };
		BDA0185526E9EFFF00C1B7BC /* ViewController.swift in Sources */ = {isa = PBXBuildFile; fileRef = BDA0185426E9EFFF00C1B7BC /* ViewController.swift */; };
		BDA0185826E9EFFF00C1B7BC /* Main.storyboard in Resources */ = {isa = PBXBuildFile; fileRef = BDA0185626E9EFFF00C1B7BC /* Main.storyboard */; };
		BDA0185A26E9F00100C1B7BC /* Assets.xcassets in Resources */ = {isa = PBXBuildFile; fileRef = BDA0185926E9F00100C1B7BC /* Assets.xcassets */; };
		BDA0185D26E9F00100C1B7BC /* LaunchScreen.storyboard in Resources */ = {isa = PBXBuildFile; fileRef = BDA0185B26E9F00100C1B7BC /* LaunchScreen.storyboard */; };
		BDA0186526E9F71C00C1B7BC /* CartViewController.swift in Sources */ = {isa = PBXBuildFile; fileRef = BDA0186426E9F71C00C1B7BC /* CartViewController.swift */; };
		BDA0186726EA0AE900C1B7BC /* CartDelegate.swift in Sources */ = {isa = PBXBuildFile; fileRef = BDA0186626EA0AE900C1B7BC /* CartDelegate.swift */; };
/* End PBXBuildFile section */

/* Begin PBXFileReference section */
		BDA0184D26E9EFFF00C1B7BC /* DelegatePattern.app */ = {isa = PBXFileReference; explicitFileType = wrapper.application; includeInIndex = 0; path = DelegatePattern.app; sourceTree = BUILT_PRODUCTS_DIR; };
		BDA0185026E9EFFF00C1B7BC /* AppDelegate.swift */ = {isa = PBXFileReference; lastKnownFileType = sourcecode.swift; path = AppDelegate.swift; sourceTree = "<group>"; };
		BDA0185226E9EFFF00C1B7BC /* SceneDelegate.swift */ = {isa = PBXFileReference; lastKnownFileType = sourcecode.swift; path = SceneDelegate.swift; sourceTree = "<group>"; };
		BDA0185426E9EFFF00C1B7BC /* ViewController.swift */ = {isa = PBXFileReference; lastKnownFileType = sourcecode.swift; path = ViewController.swift; sourceTree = "<group>"; };
		BDA0185726E9EFFF00C1B7BC /* Base */ = {isa = PBXFileReference; lastKnownFileType = file.storyboard; name = Base; path = Base.lproj/Main.storyboard; sourceTree = "<group>"; };
		BDA0185926E9F00100C1B7BC /* Assets.xcassets */ = {isa = PBXFileReference; lastKnownFileType = folder.assetcatalog; path = Assets.xcassets; sourceTree = "<group>"; };
		BDA0185C26E9F00100C1B7BC /* Base */ = {isa = PBXFileReference; lastKnownFileType = file.storyboard; name = Base; path = Base.lproj/LaunchScreen.storyboard; sourceTree = "<group>"; };
		BDA0185E26E9F00100C1B7BC /* Info.plist */ = {isa = PBXFileReference; lastKnownFileType = text.plist.xml; path = Info.plist; sourceTree = "<group>"; };
		BDA0186426E9F71C00C1B7BC /* CartViewController.swift */ = {isa = PBXFileReference; lastKnownFileType = sourcecode.swift; path = CartViewController.swift; sourceTree = "<group>"; };
		BDA0186626EA0AE900C1B7BC /* CartDelegate.swift */ = {isa = PBXFileReference; lastKnownFileType = sourcecode.swift; path = CartDelegate.swift; sourceTree = "<group>"; };
/* End PBXFileReference section */

/* Begin PBXFrameworksBuildPhase section */
		BDA0184A26E9EFFF00C1B7BC /* Frameworks */ = {
			isa = PBXFrameworksBuildPhase;
			buildActionMask = 2147483647;
			files = (
			);
			runOnlyForDeploymentPostprocessing = 0;
		};
/* End PBXFrameworksBuildPhase section */

/* Begin PBXGroup section */
		BDA0184426E9EFFF00C1B7BC = {
			isa = PBXGroup;
			children = (
				BDA0184F26E9EFFF00C1B7BC /* DelegatePattern */,
				BDA0184E26E9EFFF00C1B7BC /* Products */,
			);
			sourceTree = "<group>";
		};
		BDA0184E26E9EFFF00C1B7BC /* Products */ = {
			isa = PBXGroup;
			children = (
				BDA0184D26E9EFFF00C1B7BC /* DelegatePattern.app */,
			);
			name = Products;
			sourceTree = "<group>";
		};
		BDA0184F26E9EFFF00C1B7BC /* DelegatePattern */ = {
			isa = PBXGroup;
			children = (
				BDA0185026E9EFFF00C1B7BC /* AppDelegate.swift */,
				BDA0185226E9EFFF00C1B7BC /* SceneDelegate.swift */,
				BDA0186826EA0AF000C1B7BC /* Cart */,
				BDA0185626E9EFFF00C1B7BC /* Main.storyboard */,
				BDA0185926E9F00100C1B7BC /* Assets.xcassets */,
				BDA0185B26E9F00100C1B7BC /* LaunchScreen.storyboard */,
				BDA0185E26E9F00100C1B7BC /* Info.plist */,
			);
			path = DelegatePattern;
			sourceTree = "<group>";
		};
		BDA0186826EA0AF000C1B7BC /* Cart */ = {
			isa = PBXGroup;
			children = (
				BDA0186626EA0AE900C1B7BC /* CartDelegate.swift */,
				BDA0185426E9EFFF00C1B7BC /* ViewController.swift */,
				BDA0186426E9F71C00C1B7BC /* CartViewController.swift */,
			);
			path = Cart;
			sourceTree = "<group>";
		};
/* End PBXGroup section */

/* Begin PBXNativeTarget section */
		BDA0184C26E9EFFF00C1B7BC /* DelegatePattern */ = {
			isa = PBXNativeTarget;
			buildConfigurationList = BDA0186126E9F00100C1B7BC /* Build configuration list for PBXNativeTarget "DelegatePattern" */;
			buildPhases = (
				BDA0184926E9EFFF00C1B7BC /* Sources */,
				BDA0184A26E9EFFF00C1B7BC /* Frameworks */,
				BDA0184B26E9EFFF00C1B7BC /* Resources */,
			);
			buildRules = (
			);
			dependencies = (
			);
			name = DelegatePattern;
			productName = DelegatePattern;
			productReference = BDA0184D26E9EFFF00C1B7BC /* DelegatePattern.app */;
			productType = "com.apple.product-type.application";
		};
/* End PBXNativeTarget section */

/* Begin PBXProject section */
		BDA0184526E9EFFF00C1B7BC /* Project object */ = {
			isa = PBXProject;
			attributes = {
				LastSwiftUpdateCheck = 1250;
				LastUpgradeCheck = 1250;
				TargetAttributes = {
					BDA0184C26E9EFFF00C1B7BC = {
						CreatedOnToolsVersion = 12.5;
					};
				};
			};
			buildConfigurationList = BDA0184826E9EFFF00C1B7BC /* Build configuration list for PBXProject "DelegatePattern" */;
			compatibilityVersion = "Xcode 9.3";
			developmentRegion = en;
			hasScannedForEncodings = 0;
			knownRegions = (
				en,
				Base,
			);
			mainGroup = BDA0184426E9EFFF00C1B7BC;
			productRefGroup = BDA0184E26E9EFFF00C1B7BC /* Products */;
			projectDirPath = "";
			projectRoot = "";
			targets = (
				BDA0184C26E9EFFF00C1B7BC /* DelegatePattern */,
			);
		};
/* End PBXProject section */

/* Begin PBXResourcesBuildPhase section */
		BDA0184B26E9EFFF00C1B7BC /* Resources */ = {
			isa = PBXResourcesBuildPhase;
			buildActionMask = 2147483647;
			files = (
				BDA0185D26E9F00100C1B7BC /* LaunchScreen.storyboard in Resources */,
				BDA0185A26E9F00100C1B7BC /* Assets.xcassets in Resources */,
				BDA0185826E9EFFF00C1B7BC /* Main.storyboard in Resources */,
			);
			runOnlyForDeploymentPostprocessing = 0;
		};
/* End PBXResourcesBuildPhase section */

/* Begin PBXSourcesBuildPhase section */
		BDA0184926E9EFFF00C1B7BC /* Sources */ = {
			isa = PBXSourcesBuildPhase;
			buildActionMask = 2147483647;
			files = (
				BDA0186526E9F71C00C1B7BC /* CartViewController.swift in Sources */,
				BDA0185526E9EFFF00C1B7BC /* ViewController.swift in Sources */,
				BDA0185126E9EFFF00C1B7BC /* AppDelegate.swift in Sources */,
				BDA0186726EA0AE900C1B7BC /* CartDelegate.swift in Sources */,
				BDA0185326E9EFFF00C1B7BC /* SceneDelegate.swift in Sources */,
			);
			runOnlyForDeploymentPostprocessing = 0;
		};
/* End PBXSourcesBuildPhase section */

/* Begin PBXVariantGroup section */
		BDA0185626E9EFFF00C1B7BC /* Main.storyboard */ = {
			isa = PBXVariantGroup;
			children = (
				BDA0185726E9EFFF00C1B7BC /* Base */,
			);
			name = Main.storyboard;
			sourceTree = "<group>";
		};
		BDA0185B26E9F00100C1B7BC /* LaunchScreen.storyboard */ = {
			isa = PBXVariantGroup;
			children = (
				BDA0185C26E9F00100C1B7BC /* Base */,
			);
			name = LaunchScreen.storyboard;
			sourceTree = "<group>";
		};
/* End PBXVariantGroup section */

/* Begin XCBuildConfiguration section */
		BDA0185F26E9F00100C1B7BC /* Debug */ = {
			isa = XCBuildConfiguration;
			buildSettings = {
				ALWAYS_SEARCH_USER_PATHS = NO;
				CLANG_ANALYZER_NONNULL = YES;
				CLANG_ANALYZER_NUMBER_OBJECT_CONVERSION = YES_AGGRESSIVE;
				CLANG_CXX_LANGUAGE_STANDARD = "gnu++14";
				CLANG_CXX_LIBRARY = "libc++";
				CLANG_ENABLE_MODULES = YES;
				CLANG_ENABLE_OBJC_ARC = YES;
				CLANG_ENABLE_OBJC_WEAK = YES;
				CLANG_WARN_BLOCK_CAPTURE_AUTORELEASING = YES;
				CLANG_WARN_BOOL_CONVERSION = YES;
				CLANG_WARN_COMMA = YES;
				CLANG_WARN_CONSTANT_CONVERSION = YES;
				CLANG_WARN_DEPRECATED_OBJC_IMPLEMENTATIONS = YES;
				CLANG_WARN_DIRECT_OBJC_ISA_USAGE = YES_ERROR;
				CLANG_WARN_DOCUMENTATION_COMMENTS = YES;
				CLANG_WARN_EMPTY_BODY = YES;
				CLANG_WARN_ENUM_CONVERSION = YES;
				CLANG_WARN_INFINITE_RECURSION = YES;
				CLANG_WARN_INT_CONVERSION = YES;
				CLANG_WARN_NON_LITERAL_NULL_CONVERSION = YES;
				CLANG_WARN_OBJC_IMPLICIT_RETAIN_SELF = YES;
				CLANG_WARN_OBJC_LITERAL_CONVERSION = YES;
				CLANG_WARN_OBJC_ROOT_CLASS = YES_ERROR;
				CLANG_WARN_QUOTED_INCLUDE_IN_FRAMEWORK_HEADER = YES;
				CLANG_WARN_RANGE_LOOP_ANALYSIS = YES;
				CLANG_WARN_STRICT_PROTOTYPES = YES;
				CLANG_WARN_SUSPICIOUS_MOVE = YES;
				CLANG_WARN_UNGUARDED_AVAILABILITY = YES_AGGRESSIVE;
				CLANG_WARN_UNREACHABLE_CODE = YES;
				CLANG_WARN__DUPLICATE_METHOD_MATCH = YES;
				COPY_PHASE_STRIP = NO;
				DEBUG_INFORMATION_FORMAT = dwarf;
				ENABLE_STRICT_OBJC_MSGSEND = YES;
				ENABLE_TESTABILITY = YES;
				GCC_C_LANGUAGE_STANDARD = gnu11;
				GCC_DYNAMIC_NO_PIC = NO;
				GCC_NO_COMMON_BLOCKS = YES;
				GCC_OPTIMIZATION_LEVEL = 0;
				GCC_PREPROCESSOR_DEFINITIONS = (
					"DEBUG=1",
					"$(inherited)",
				);
				GCC_WARN_64_TO_32_BIT_CONVERSION = YES;
				GCC_WARN_ABOUT_RETURN_TYPE = YES_ERROR;
				GCC_WARN_UNDECLARED_SELECTOR = YES;
				GCC_WARN_UNINITIALIZED_AUTOS = YES_AGGRESSIVE;
				GCC_WARN_UNUSED_FUNCTION = YES;
				GCC_WARN_UNUSED_VARIABLE = YES;
				IPHONEOS_DEPLOYMENT_TARGET = 14.5;
				MTL_ENABLE_DEBUG_INFO = INCLUDE_SOURCE;
				MTL_FAST_MATH = YES;
				ONLY_ACTIVE_ARCH = YES;
				SDKROOT = iphoneos;
				SWIFT_ACTIVE_COMPILATION_CONDITIONS = DEBUG;
				SWIFT_OPTIMIZATION_LEVEL = "-Onone";
			};
			name = Debug;
		};
		BDA0186026E9F00100C1B7BC /* Release */ = {
			isa = XCBuildConfiguration;
			buildSettings = {
				ALWAYS_SEARCH_USER_PATHS = NO;
				CLANG_ANALYZER_NONNULL = YES;
				CLANG_ANALYZER_NUMBER_OBJECT_CONVERSION = YES_AGGRESSIVE;
				CLANG_CXX_LANGUAGE_STANDARD = "gnu++14";
				CLANG_CXX_LIBRARY = "libc++";
				CLANG_ENABLE_MODULES = YES;
				CLANG_ENABLE_OBJC_ARC = YES;
				CLANG_ENABLE_OBJC_WEAK = YES;
				CLANG_WARN_BLOCK_CAPTURE_AUTORELEASING = YES;
				CLANG_WARN_BOOL_CONVERSION = YES;
				CLANG_WARN_COMMA = YES;
				CLANG_WARN_CONSTANT_CONVERSION = YES;
				CLANG_WARN_DEPRECATED_OBJC_IMPLEMENTATIONS = YES;
				CLANG_WARN_DIRECT_OBJC_ISA_USAGE = YES_ERROR;
				CLANG_WARN_DOCUMENTATION_COMMENTS = YES;
				CLANG_WARN_EMPTY_BODY = YES;
				CLANG_WARN_ENUM_CONVERSION = YES;
				CLANG_WARN_INFINITE_RECURSION = YES;
				CLANG_WARN_INT_CONVERSION = YES;
				CLANG_WARN_NON_LITERAL_NULL_CONVERSION = YES;
				CLANG_WARN_OBJC_IMPLICIT_RETAIN_SELF = YES;
				CLANG_WARN_OBJC_LITERAL_CONVERSION = YES;
				CLANG_WARN_OBJC_ROOT_CLASS = YES_ERROR;
				CLANG_WARN_QUOTED_INCLUDE_IN_FRAMEWORK_HEADER = YES;
				CLANG_WARN_RANGE_LOOP_ANALYSIS = YES;
				CLANG_WARN_STRICT_PROTOTYPES = YES;
				CLANG_WARN_SUSPICIOUS_MOVE = YES;
				CLANG_WARN_UNGUARDED_AVAILABILITY = YES_AGGRESSIVE;
				CLANG_WARN_UNREACHABLE_CODE = YES;
				CLANG_WARN__DUPLICATE_METHOD_MATCH = YES;
				COPY_PHASE_STRIP = NO;
				DEBUG_INFORMATION_FORMAT = "dwarf-with-dsym";
				ENABLE_NS_ASSERTIONS = NO;
				ENABLE_STRICT_OBJC_MSGSEND = YES;
				GCC_C_LANGUAGE_STANDARD = gnu11;
				GCC_NO_COMMON_BLOCKS = YES;
				GCC_WARN_64_TO_32_BIT_CONVERSION = YES;
				GCC_WARN_ABOUT_RETURN_TYPE = YES_ERROR;
				GCC_WARN_UNDECLARED_SELECTOR = YES;
				GCC_WARN_UNINITIALIZED_AUTOS = YES_AGGRESSIVE;
				GCC_WARN_UNUSED_FUNCTION = YES;
				GCC_WARN_UNUSED_VARIABLE = YES;
				IPHONEOS_DEPLOYMENT_TARGET = 14.5;
				MTL_ENABLE_DEBUG_INFO = NO;
				MTL_FAST_MATH = YES;
				SDKROOT = iphoneos;
				SWIFT_COMPILATION_MODE = wholemodule;
				SWIFT_OPTIMIZATION_LEVEL = "-O";
				VALIDATE_PRODUCT = YES;
			};
			name = Release;
		};
		BDA0186226E9F00100C1B7BC /* Debug */ = {
			isa = XCBuildConfiguration;
			buildSettings = {
				ASSETCATALOG_COMPILER_APPICON_NAME = AppIcon;
				ASSETCATALOG_COMPILER_GLOBAL_ACCENT_COLOR_NAME = AccentColor;
				CODE_SIGN_STYLE = Automatic;
				DEVELOPMENT_TEAM = W895YM7ZMH;
				INFOPLIST_FILE = DelegatePattern/Info.plist;
				LD_RUNPATH_SEARCH_PATHS = (
					"$(inherited)",
					"@executable_path/Frameworks",
				);
				PRODUCT_BUNDLE_IDENTIFIER = com.dooribon.DelegatePattern;
				PRODUCT_NAME = "$(TARGET_NAME)";
				SWIFT_VERSION = 5.0;
				TARGETED_DEVICE_FAMILY = "1,2";
			};
			name = Debug;
		};
		BDA0186326E9F00100C1B7BC /* Release */ = {
			isa = XCBuildConfiguration;
			buildSettings = {
				ASSETCATALOG_COMPILER_APPICON_NAME = AppIcon;
				ASSETCATALOG_COMPILER_GLOBAL_ACCENT_COLOR_NAME = AccentColor;
				CODE_SIGN_STYLE = Automatic;
				DEVELOPMENT_TEAM = W895YM7ZMH;
				INFOPLIST_FILE = DelegatePattern/Info.plist;
				LD_RUNPATH_SEARCH_PATHS = (
					"$(inherited)",
					"@executable_path/Frameworks",
				);
				PRODUCT_BUNDLE_IDENTIFIER = com.dooribon.DelegatePattern;
				PRODUCT_NAME = "$(TARGET_NAME)";
				SWIFT_VERSION = 5.0;
				TARGETED_DEVICE_FAMILY = "1,2";
			};
			name = Release;
		};
/* End XCBuildConfiguration section */

/* Begin XCConfigurationList section */
		BDA0184826E9EFFF00C1B7BC /* Build configuration list for PBXProject "DelegatePattern" */ = {
			isa = XCConfigurationList;
			buildConfigurations = (
				BDA0185F26E9F00100C1B7BC /* Debug */,
				BDA0186026E9F00100C1B7BC /* Release */,
			);
			defaultConfigurationIsVisible = 0;
			defaultConfigurationName = Release;
		};
		BDA0186126E9F00100C1B7BC /* Build configuration list for PBXNativeTarget "DelegatePattern" */ = {
			isa = XCConfigurationList;
			buildConfigurations = (
				BDA0186226E9F00100C1B7BC /* Debug */,
				BDA0186326E9F00100C1B7BC /* Release */,
			);
			defaultConfigurationIsVisible = 0;
			defaultConfigurationName = Release;
		};
/* End XCConfigurationList section */
	};
	rootObject = BDA0184526E9EFFF00C1B7BC /* Project object */;
}
