// !$*UTF8*$!
{
	archiveVersion = 1;
	classes = {
	};
	objectVersion = 50;
	objects = {

/* Begin PBXBuildFile section */
		BD29371326FA17160018C8CA /* AppDelegate.swift in Sources */ = {isa = PBXBuildFile; fileRef = BD29371226FA17160018C8CA /* AppDelegate.swift */; };
		BD29371526FA17160018C8CA /* SceneDelegate.swift in Sources */ = {isa = PBXBuildFile; fileRef = BD29371426FA17160018C8CA /* SceneDelegate.swift */; };
		BD29371726FA17160018C8CA /* ViewController.swift in Sources */ = {isa = PBXBuildFile; fileRef = BD29371626FA17160018C8CA /* ViewController.swift */; };
		BD29371A26FA17160018C8CA /* Main.storyboard in Resources */ = {isa = PBXBuildFile; fileRef = BD29371826FA17160018C8CA /* Main.storyboard */; };
		BD29371C26FA17180018C8CA /* Assets.xcassets in Resources */ = {isa = PBXBuildFile; fileRef = BD29371B26FA17180018C8CA /* Assets.xcassets */; };
		BD29371F26FA17180018C8CA /* LaunchScreen.storyboard in Resources */ = {isa = PBXBuildFile; fileRef = BD29371D26FA17180018C8CA /* LaunchScreen.storyboard */; };
		BD29372726FA18640018C8CA /* SetNeedsLayoutViewController.swift in Sources */ = {isa = PBXBuildFile; fileRef = BD29372626FA18640018C8CA /* SetNeedsLayoutViewController.swift */; };
		BD29372926FA186D0018C8CA /* LayoutIfNeededViewController.swift in Sources */ = {isa = PBXBuildFile; fileRef = BD29372826FA186D0018C8CA /* LayoutIfNeededViewController.swift */; };
/* End PBXBuildFile section */

/* Begin PBXFileReference section */
		BD29370F26FA17160018C8CA /* UIViewMethods.app */ = {isa = PBXFileReference; explicitFileType = wrapper.application; includeInIndex = 0; path = UIViewMethods.app; sourceTree = BUILT_PRODUCTS_DIR; };
		BD29371226FA17160018C8CA /* AppDelegate.swift */ = {isa = PBXFileReference; lastKnownFileType = sourcecode.swift; path = AppDelegate.swift; sourceTree = "<group>"; };
		BD29371426FA17160018C8CA /* SceneDelegate.swift */ = {isa = PBXFileReference; lastKnownFileType = sourcecode.swift; path = SceneDelegate.swift; sourceTree = "<group>"; };
		BD29371626FA17160018C8CA /* ViewController.swift */ = {isa = PBXFileReference; lastKnownFileType = sourcecode.swift; path = ViewController.swift; sourceTree = "<group>"; };
		BD29371926FA17160018C8CA /* Base */ = {isa = PBXFileReference; lastKnownFileType = file.storyboard; name = Base; path = Base.lproj/Main.storyboard; sourceTree = "<group>"; };
		BD29371B26FA17180018C8CA /* Assets.xcassets */ = {isa = PBXFileReference; lastKnownFileType = folder.assetcatalog; path = Assets.xcassets; sourceTree = "<group>"; };
		BD29371E26FA17180018C8CA /* Base */ = {isa = PBXFileReference; lastKnownFileType = file.storyboard; name = Base; path = Base.lproj/LaunchScreen.storyboard; sourceTree = "<group>"; };
		BD29372026FA17180018C8CA /* Info.plist */ = {isa = PBXFileReference; lastKnownFileType = text.plist.xml; path = Info.plist; sourceTree = "<group>"; };
		BD29372626FA18640018C8CA /* SetNeedsLayoutViewController.swift */ = {isa = PBXFileReference; lastKnownFileType = sourcecode.swift; path = SetNeedsLayoutViewController.swift; sourceTree = "<group>"; };
		BD29372826FA186D0018C8CA /* LayoutIfNeededViewController.swift */ = {isa = PBXFileReference; lastKnownFileType = sourcecode.swift; path = LayoutIfNeededViewController.swift; sourceTree = "<group>"; };
/* End PBXFileReference section */

/* Begin PBXFrameworksBuildPhase section */
		BD29370C26FA17160018C8CA /* Frameworks */ = {
			isa = PBXFrameworksBuildPhase;
			buildActionMask = 2147483647;
			files = (
			);
			runOnlyForDeploymentPostprocessing = 0;
		};
/* End PBXFrameworksBuildPhase section */

/* Begin PBXGroup section */
		BD29370626FA17160018C8CA = {
			isa = PBXGroup;
			children = (
				BD29371126FA17160018C8CA /* UIViewMethods */,
				BD29371026FA17160018C8CA /* Products */,
			);
			sourceTree = "<group>";
		};
		BD29371026FA17160018C8CA /* Products */ = {
			isa = PBXGroup;
			children = (
				BD29370F26FA17160018C8CA /* UIViewMethods.app */,
			);
			name = Products;
			sourceTree = "<group>";
		};
		BD29371126FA17160018C8CA /* UIViewMethods */ = {
			isa = PBXGroup;
			children = (
				BD29371226FA17160018C8CA /* AppDelegate.swift */,
				BD29371426FA17160018C8CA /* SceneDelegate.swift */,
				BD29371626FA17160018C8CA /* ViewController.swift */,
				BD29372626FA18640018C8CA /* SetNeedsLayoutViewController.swift */,
				BD29372826FA186D0018C8CA /* LayoutIfNeededViewController.swift */,
				BD29371826FA17160018C8CA /* Main.storyboard */,
				BD29371B26FA17180018C8CA /* Assets.xcassets */,
				BD29371D26FA17180018C8CA /* LaunchScreen.storyboard */,
				BD29372026FA17180018C8CA /* Info.plist */,
			);
			path = UIViewMethods;
			sourceTree = "<group>";
		};
/* End PBXGroup section */

/* Begin PBXNativeTarget section */
		BD29370E26FA17160018C8CA /* UIViewMethods */ = {
			isa = PBXNativeTarget;
			buildConfigurationList = BD29372326FA17180018C8CA /* Build configuration list for PBXNativeTarget "UIViewMethods" */;
			buildPhases = (
				BD29370B26FA17160018C8CA /* Sources */,
				BD29370C26FA17160018C8CA /* Frameworks */,
				BD29370D26FA17160018C8CA /* Resources */,
			);
			buildRules = (
			);
			dependencies = (
			);
			name = UIViewMethods;
			productName = UIViewMethods;
			productReference = BD29370F26FA17160018C8CA /* UIViewMethods.app */;
			productType = "com.apple.product-type.application";
		};
/* End PBXNativeTarget section */

/* Begin PBXProject section */
		BD29370726FA17160018C8CA /* Project object */ = {
			isa = PBXProject;
			attributes = {
				LastSwiftUpdateCheck = 1250;
				LastUpgradeCheck = 1250;
				TargetAttributes = {
					BD29370E26FA17160018C8CA = {
						CreatedOnToolsVersion = 12.5;
					};
				};
			};
			buildConfigurationList = BD29370A26FA17160018C8CA /* Build configuration list for PBXProject "UIViewMethods" */;
			compatibilityVersion = "Xcode 9.3";
			developmentRegion = en;
			hasScannedForEncodings = 0;
			knownRegions = (
				en,
				Base,
			);
			mainGroup = BD29370626FA17160018C8CA;
			productRefGroup = BD29371026FA17160018C8CA /* Products */;
			projectDirPath = "";
			projectRoot = "";
			targets = (
				BD29370E26FA17160018C8CA /* UIViewMethods */,
			);
		};
/* End PBXProject section */

/* Begin PBXResourcesBuildPhase section */
		BD29370D26FA17160018C8CA /* Resources */ = {
			isa = PBXResourcesBuildPhase;
			buildActionMask = 2147483647;
			files = (
				BD29371F26FA17180018C8CA /* LaunchScreen.storyboard in Resources */,
				BD29371C26FA17180018C8CA /* Assets.xcassets in Resources */,
				BD29371A26FA17160018C8CA /* Main.storyboard in Resources */,
			);
			runOnlyForDeploymentPostprocessing = 0;
		};
/* End PBXResourcesBuildPhase section */

/* Begin PBXSourcesBuildPhase section */
		BD29370B26FA17160018C8CA /* Sources */ = {
			isa = PBXSourcesBuildPhase;
			buildActionMask = 2147483647;
			files = (
				BD29372926FA186D0018C8CA /* LayoutIfNeededViewController.swift in Sources */,
				BD29371726FA17160018C8CA /* ViewController.swift in Sources */,
				BD29372726FA18640018C8CA /* SetNeedsLayoutViewController.swift in Sources */,
				BD29371326FA17160018C8CA /* AppDelegate.swift in Sources */,
				BD29371526FA17160018C8CA /* SceneDelegate.swift in Sources */,
			);
			runOnlyForDeploymentPostprocessing = 0;
		};
/* End PBXSourcesBuildPhase section */

/* Begin PBXVariantGroup section */
		BD29371826FA17160018C8CA /* Main.storyboard */ = {
			isa = PBXVariantGroup;
			children = (
				BD29371926FA17160018C8CA /* Base */,
			);
			name = Main.storyboard;
			sourceTree = "<group>";
		};
		BD29371D26FA17180018C8CA /* LaunchScreen.storyboard */ = {
			isa = PBXVariantGroup;
			children = (
				BD29371E26FA17180018C8CA /* Base */,
			);
			name = LaunchScreen.storyboard;
			sourceTree = "<group>";
		};
/* End PBXVariantGroup section */

/* Begin XCBuildConfiguration section */
		BD29372126FA17180018C8CA /* Debug */ = {
			isa = XCBuildConfiguration;
			buildSettings = {
				ALWAYS_SEARCH_USER_PATHS = NO;
				CLANG_ANALYZER_NONNULL = YES;
				CLANG_ANALYZER_NUMBER_OBJECT_CONVERSION = YES_AGGRESSIVE;
				CLANG_CXX_LANGUAGE_STANDARD = "gnu++14";
				CLANG_CXX_LIBRARY = "libc++";
				CLANG_ENABLE_MODULES = YES;
				CLANG_ENABLE_OBJC_ARC = YES;
				CLANG_ENABLE_OBJC_WEAK = YES;
				CLANG_WARN_BLOCK_CAPTURE_AUTORELEASING = YES;
				CLANG_WARN_BOOL_CONVERSION = YES;
				CLANG_WARN_COMMA = YES;
				CLANG_WARN_CONSTANT_CONVERSION = YES;
				CLANG_WARN_DEPRECATED_OBJC_IMPLEMENTATIONS = YES;
				CLANG_WARN_DIRECT_OBJC_ISA_USAGE = YES_ERROR;
				CLANG_WARN_DOCUMENTATION_COMMENTS = YES;
				CLANG_WARN_EMPTY_BODY = YES;
				CLANG_WARN_ENUM_CONVERSION = YES;
				CLANG_WARN_INFINITE_RECURSION = YES;
				CLANG_WARN_INT_CONVERSION = YES;
				CLANG_WARN_NON_LITERAL_NULL_CONVERSION = YES;
				CLANG_WARN_OBJC_IMPLICIT_RETAIN_SELF = YES;
				CLANG_WARN_OBJC_LITERAL_CONVERSION = YES;
				CLANG_WARN_OBJC_ROOT_CLASS = YES_ERROR;
				CLANG_WARN_QUOTED_INCLUDE_IN_FRAMEWORK_HEADER = YES;
				CLANG_WARN_RANGE_LOOP_ANALYSIS = YES;
				CLANG_WARN_STRICT_PROTOTYPES = YES;
				CLANG_WARN_SUSPICIOUS_MOVE = YES;
				CLANG_WARN_UNGUARDED_AVAILABILITY = YES_AGGRESSIVE;
				CLANG_WARN_UNREACHABLE_CODE = YES;
				CLANG_WARN__DUPLICATE_METHOD_MATCH = YES;
				COPY_PHASE_STRIP = NO;
				DEBUG_INFORMATION_FORMAT = dwarf;
				ENABLE_STRICT_OBJC_MSGSEND = YES;
				ENABLE_TESTABILITY = YES;
				GCC_C_LANGUAGE_STANDARD = gnu11;
				GCC_DYNAMIC_NO_PIC = NO;
				GCC_NO_COMMON_BLOCKS = YES;
				GCC_OPTIMIZATION_LEVEL = 0;
				GCC_PREPROCESSOR_DEFINITIONS = (
					"DEBUG=1",
					"$(inherited)",
				);
				GCC_WARN_64_TO_32_BIT_CONVERSION = YES;
				GCC_WARN_ABOUT_RETURN_TYPE = YES_ERROR;
				GCC_WARN_UNDECLARED_SELECTOR = YES;
				GCC_WARN_UNINITIALIZED_AUTOS = YES_AGGRESSIVE;
				GCC_WARN_UNUSED_FUNCTION = YES;
				GCC_WARN_UNUSED_VARIABLE = YES;
				IPHONEOS_DEPLOYMENT_TARGET = 14.5;
				MTL_ENABLE_DEBUG_INFO = INCLUDE_SOURCE;
				MTL_FAST_MATH = YES;
				ONLY_ACTIVE_ARCH = YES;
				SDKROOT = iphoneos;
				SWIFT_ACTIVE_COMPILATION_CONDITIONS = DEBUG;
				SWIFT_OPTIMIZATION_LEVEL = "-Onone";
			};
			name = Debug;
		};
		BD29372226FA17180018C8CA /* Release */ = {
			isa = XCBuildConfiguration;
			buildSettings = {
				ALWAYS_SEARCH_USER_PATHS = NO;
				CLANG_ANALYZER_NONNULL = YES;
				CLANG_ANALYZER_NUMBER_OBJECT_CONVERSION = YES_AGGRESSIVE;
				CLANG_CXX_LANGUAGE_STANDARD = "gnu++14";
				CLANG_CXX_LIBRARY = "libc++";
				CLANG_ENABLE_MODULES = YES;
				CLANG_ENABLE_OBJC_ARC = YES;
				CLANG_ENABLE_OBJC_WEAK = YES;
				CLANG_WARN_BLOCK_CAPTURE_AUTORELEASING = YES;
				CLANG_WARN_BOOL_CONVERSION = YES;
				CLANG_WARN_COMMA = YES;
				CLANG_WARN_CONSTANT_CONVERSION = YES;
				CLANG_WARN_DEPRECATED_OBJC_IMPLEMENTATIONS = YES;
				CLANG_WARN_DIRECT_OBJC_ISA_USAGE = YES_ERROR;
				CLANG_WARN_DOCUMENTATION_COMMENTS = YES;
				CLANG_WARN_EMPTY_BODY = YES;
				CLANG_WARN_ENUM_CONVERSION = YES;
				CLANG_WARN_INFINITE_RECURSION = YES;
				CLANG_WARN_INT_CONVERSION = YES;
				CLANG_WARN_NON_LITERAL_NULL_CONVERSION = YES;
				CLANG_WARN_OBJC_IMPLICIT_RETAIN_SELF = YES;
				CLANG_WARN_OBJC_LITERAL_CONVERSION = YES;
				CLANG_WARN_OBJC_ROOT_CLASS = YES_ERROR;
				CLANG_WARN_QUOTED_INCLUDE_IN_FRAMEWORK_HEADER = YES;
				CLANG_WARN_RANGE_LOOP_ANALYSIS = YES;
				CLANG_WARN_STRICT_PROTOTYPES = YES;
				CLANG_WARN_SUSPICIOUS_MOVE = YES;
				CLANG_WARN_UNGUARDED_AVAILABILITY = YES_AGGRESSIVE;
				CLANG_WARN_UNREACHABLE_CODE = YES;
				CLANG_WARN__DUPLICATE_METHOD_MATCH = YES;
				COPY_PHASE_STRIP = NO;
				DEBUG_INFORMATION_FORMAT = "dwarf-with-dsym";
				ENABLE_NS_ASSERTIONS = NO;
				ENABLE_STRICT_OBJC_MSGSEND = YES;
				GCC_C_LANGUAGE_STANDARD = gnu11;
				GCC_NO_COMMON_BLOCKS = YES;
				GCC_WARN_64_TO_32_BIT_CONVERSION = YES;
				GCC_WARN_ABOUT_RETURN_TYPE = YES_ERROR;
				GCC_WARN_UNDECLARED_SELECTOR = YES;
				GCC_WARN_UNINITIALIZED_AUTOS = YES_AGGRESSIVE;
				GCC_WARN_UNUSED_FUNCTION = YES;
				GCC_WARN_UNUSED_VARIABLE = YES;
				IPHONEOS_DEPLOYMENT_TARGET = 14.5;
				MTL_ENABLE_DEBUG_INFO = NO;
				MTL_FAST_MATH = YES;
				SDKROOT = iphoneos;
				SWIFT_COMPILATION_MODE = wholemodule;
				SWIFT_OPTIMIZATION_LEVEL = "-O";
				VALIDATE_PRODUCT = YES;
			};
			name = Release;
		};
		BD29372426FA17180018C8CA /* Debug */ = {
			isa = XCBuildConfiguration;
			buildSettings = {
				ASSETCATALOG_COMPILER_APPICON_NAME = AppIcon;
				ASSETCATALOG_COMPILER_GLOBAL_ACCENT_COLOR_NAME = AccentColor;
				CODE_SIGN_STYLE = Automatic;
				DEVELOPMENT_TEAM = W895YM7ZMH;
				INFOPLIST_FILE = UIViewMethods/Info.plist;
				LD_RUNPATH_SEARCH_PATHS = (
					"$(inherited)",
					"@executable_path/Frameworks",
				);
				PRODUCT_BUNDLE_IDENTIFIER = com.dooribon.UIViewMethods;
				PRODUCT_NAME = "$(TARGET_NAME)";
				SWIFT_VERSION = 5.0;
				TARGETED_DEVICE_FAMILY = "1,2";
			};
			name = Debug;
		};
		BD29372526FA17180018C8CA /* Release */ = {
			isa = XCBuildConfiguration;
			buildSettings = {
				ASSETCATALOG_COMPILER_APPICON_NAME = AppIcon;
				ASSETCATALOG_COMPILER_GLOBAL_ACCENT_COLOR_NAME = AccentColor;
				CODE_SIGN_STYLE = Automatic;
				DEVELOPMENT_TEAM = W895YM7ZMH;
				INFOPLIST_FILE = UIViewMethods/Info.plist;
				LD_RUNPATH_SEARCH_PATHS = (
					"$(inherited)",
					"@executable_path/Frameworks",
				);
				PRODUCT_BUNDLE_IDENTIFIER = com.dooribon.UIViewMethods;
				PRODUCT_NAME = "$(TARGET_NAME)";
				SWIFT_VERSION = 5.0;
				TARGETED_DEVICE_FAMILY = "1,2";
			};
			name = Release;
		};
/* End XCBuildConfiguration section */

/* Begin XCConfigurationList section */
		BD29370A26FA17160018C8CA /* Build configuration list for PBXProject "UIViewMethods" */ = {
			isa = XCConfigurationList;
			buildConfigurations = (
				BD29372126FA17180018C8CA /* Debug */,
				BD29372226FA17180018C8CA /* Release */,
			);
			defaultConfigurationIsVisible = 0;
			defaultConfigurationName = Release;
		};
		BD29372326FA17180018C8CA /* Build configuration list for PBXNativeTarget "UIViewMethods" */ = {
			isa = XCConfigurationList;
			buildConfigurations = (
				BD29372426FA17180018C8CA /* Debug */,
				BD29372526FA17180018C8CA /* Release */,
			);
			defaultConfigurationIsVisible = 0;
			defaultConfigurationName = Release;
		};
/* End XCConfigurationList section */
	};
	rootObject = BD29370726FA17160018C8CA /* Project object */;
}
